Microsoft Visual Studio Solution File, Format Version 11.00
# Visual Studio 2010
Project("{2150E333-8FDC-42A3-9474-1A3956D46DE8}") = "(WebKit)", "..\..\..\third_party\WebKit", "{7C6CDB29-38D7-8364-748C-AEAAD8CCFB36}"
EndProject
Project("{2150E333-8FDC-42A3-9474-1A3956D46DE8}") = "(allocator)", "..\..\..\base\allocator", "{6478B9F3-4858-63F4-35F4-98A303E305F3}"
EndProject
Project("{2150E333-8FDC-42A3-9474-1A3956D46DE8}") = "(base)", "..\..\..\base", "{9785FB75-982A-5DE3-252D-3F288B9FEF5B}"
EndProject
Project("{2150E333-8FDC-42A3-9474-1A3956D46DE8}") = "(icu)", "..\..\..\third_party\icu", "{2DE59335-96CE-10CA-CDE5-FEC35E3549BB}"
EndProject
Project("{2150E333-8FDC-42A3-9474-1A3956D46DE8}") = "(libjpeg_turbo)", "..\..\..\third_party\libjpeg_turbo", "{A9EB8559-7015-13E0-0462-D9901FC693FD}"
EndProject
Project("{2150E333-8FDC-42A3-9474-1A3956D46DE8}") = "(net)", "..\..\..\net", "{96A8EC63-88DB-B85C-EEBC-43667C60DEB3}"
EndProject
Project("{2150E333-8FDC-42A3-9474-1A3956D46DE8}") = "(nss)", "..\..\..\net\third_party\nss", "{91989827-5B0C-52D9-1FE9-9553D672A5E7}"
EndProject
Project("{2150E333-8FDC-42A3-9474-1A3956D46DE8}") = "(nss)", "..\..\..\third_party\nss", "{CD014008-1CDB-809B-D770-C67A261539F7}"
EndProject
Project("{2150E333-8FDC-42A3-9474-1A3956D46DE8}") = "(public)", "..\..\..\third_party\WebKit\public", "{7D1F1355-E02E-9573-5185-AFD30F7210BE}"
EndProject
Project("{2150E333-8FDC-42A3-9474-1A3956D46DE8}") = "(skia)", "..\..\..\skia", "{5B17195B-58DF-4533-4FE7-D2747913694E}"
EndProject
Project("{2150E333-8FDC-42A3-9474-1A3956D46DE8}") = "(testing)", "..\..\..\testing", "{EAC80D00-01D2-3F49-A377-20B7154947F3}"
EndProject
Project("{2150E333-8FDC-42A3-9474-1A3956D46DE8}") = "(third_party)", "..\..\..\base\third_party", "{3E7FA5AF-27B3-2DE0-883C-12F98E7F4E81}"
EndProject
Project("{2150E333-8FDC-42A3-9474-1A3956D46DE8}") = "(third_party)", "..\..\..\net\third_party", "{5A566D8E-9FAB-ED62-0C7C-BD22FF9AF8A2}"
EndProject
Project("{2150E333-8FDC-42A3-9474-1A3956D46DE8}") = "(third_party)", "..\..\..\third_party", "{89C816A7-DD31-D54C-C69C-5A80E0C49B77}"
EndProject
Project("{2150E333-8FDC-42A3-9474-1A3956D46DE8}") = "(tools)", "..\..\..\tools", "{0078455D-77D3-142E-F1F4-B78FB0A8B454}"
EndProject
Project("{2150E333-8FDC-42A3-9474-1A3956D46DE8}") = "(ui)", "..\..\..\ui", "{644B7826-0417-C19E-B1ED-C0BF73289DEE}"
EndProject
Project("{2150E333-8FDC-42A3-9474-1A3956D46DE8}") = "(url)", "..\..\..\url", "{ABEA8C02-AF45-C0B0-B874-B7CA283C10FB}"
EndProject
Project("{8BC9CEB8-8B4A-11D0-8D11-00A0C91BC942}") = "allocator_extension_thunks", "..\..\base\allocator\allocator_extension_thunks.vcxproj", "{6DF197C9-D783-42ED-E872-6618EF9F46AE}"
EndProject
Project("{8BC9CEB8-8B4A-11D0-8D11-00A0C91BC942}") = "base", "..\..\base\base.vcxproj", "{7F4C2508-793C-AB90-0D98-070E7E2EC135}"
	ProjectSection(ProjectDependencies) = postProject
		{60CC28BF-D0BC-3468-9D02-3AF1D15F1CA2} = {60CC28BF-D0BC-3468-9D02-3AF1D15F1CA2}
	EndProjectSection
EndProject
Project("{8BC9CEB8-8B4A-11D0-8D11-00A0C91BC942}") = "base_i18n", "..\..\base\base_i18n.vcxproj", "{78CEF408-5CDC-6A4A-9744-550C99E03B5C}"
EndProject
Project("{8BC9CEB8-8B4A-11D0-8D11-00A0C91BC942}") = "base_static", "..\..\base\base_static.vcxproj", "{5AE42583-0C83-0D80-C5D0-10CCB623A466}"
EndProject
Project("{8BC9CEB8-8B4A-11D0-8D11-00A0C91BC942}") = "blink_skia_config", "..\..\third_party\WebKit\public\blink_skia_config.vcxproj", "{45874736-6F8E-F046-12AB-F59040F962C3}"
EndProject
Project("{8BC9CEB8-8B4A-11D0-8D11-00A0C91BC942}") = "crypto", "..\..\crypto\crypto.vcxproj", "{F71B26EF-1254-74DD-DA6D-A5183B465EAA}"
EndProject
Project("{8BC9CEB8-8B4A-11D0-8D11-00A0C91BC942}") = "dynamic_annotations", "..\..\base\third_party\dynamic_annotations\dynamic_annotations.vcxproj", "{4F31B154-F497-7675-6850-86F10FD42576}"
EndProject
Project("{8BC9CEB8-8B4A-11D0-8D11-00A0C91BC942}") = "gfx", "..\..\ui\gfx\gfx.vcxproj", "{AEFFDC9F-61F9-C7AC-BB02-B8C330AE61C8}"
	ProjectSection(ProjectDependencies) = postProject
		{988BE51E-AE2E-1909-C1F3-4E5C19FA3AF0} = {988BE51E-AE2E-1909-C1F3-4E5C19FA3AF0}
	EndProjectSection
EndProject
Project("{8BC9CEB8-8B4A-11D0-8D11-00A0C91BC942}") = "gtest_prod", "..\..\testing\gtest_prod.vcxproj", "{60CC28BF-D0BC-3468-9D02-3AF1D15F1CA2}"
EndProject
Project("{8BC9CEB8-8B4A-11D0-8D11-00A0C91BC942}") = "icudata", "..\..\third_party\icu\icudata.vcxproj", "{1DDDEFE0-7436-E305-6B45-11F73132E5E5}"
EndProject
Project("{8BC9CEB8-8B4A-11D0-8D11-00A0C91BC942}") = "icui18n", "..\..\third_party\icu\icui18n.vcxproj", "{442DE29E-C8EE-3658-1F1A-C70AD8F380C5}"
EndProject
Project("{8BC9CEB8-8B4A-11D0-8D11-00A0C91BC942}") = "icuuc", "..\..\third_party\icu\icuuc.vcxproj", "{D9EBDA44-6298-3F6F-924B-FA512F507DC2}"
	ProjectSection(ProjectDependencies) = postProject
		{1DDDEFE0-7436-E305-6B45-11F73132E5E5} = {1DDDEFE0-7436-E305-6B45-11F73132E5E5}
	EndProjectSection
EndProject
Project("{8BC9CEB8-8B4A-11D0-8D11-00A0C91BC942}") = "libjpeg", "..\..\third_party\libjpeg_turbo\libjpeg.vcxproj", "{59AE9B49-7D3A-B829-BD9D-B35923734432}"
EndProject
Project("{8BC9CEB8-8B4A-11D0-8D11-00A0C91BC942}") = "libpng", "..\..\third_party\libpng\libpng.vcxproj", "{8451C0A0-B2C0-BB15-D7AF-1ECC6392D5DD}"
EndProject
Project("{8BC9CEB8-8B4A-11D0-8D11-00A0C91BC942}") = "libssl", "..\..\net\third_party\nss\libssl.vcxproj", "{75FA0B02-EA04-9B54-4B03-856D70045A91}"
EndProject
Project("{8BC9CEB8-8B4A-11D0-8D11-00A0C91BC942}") = "memory_watcher", "memory_watcher.vcxproj", "{75AAA51A-48F8-64FA-ADA9-3C57325F7E8D}"
	ProjectSection(ProjectDependencies) = postProject
		{7F4C2508-793C-AB90-0D98-070E7E2EC135} = {7F4C2508-793C-AB90-0D98-070E7E2EC135}
		{AEFFDC9F-61F9-C7AC-BB02-B8C330AE61C8} = {AEFFDC9F-61F9-C7AC-BB02-B8C330AE61C8}
		{5AE42583-0C83-0D80-C5D0-10CCB623A466} = {5AE42583-0C83-0D80-C5D0-10CCB623A466}
		{6DF197C9-D783-42ED-E872-6618EF9F46AE} = {6DF197C9-D783-42ED-E872-6618EF9F46AE}
		{60CC28BF-D0BC-3468-9D02-3AF1D15F1CA2} = {60CC28BF-D0BC-3468-9D02-3AF1D15F1CA2}
		{773C1870-7481-DCF6-0372-30037D82E6DA} = {773C1870-7481-DCF6-0372-30037D82E6DA}
		{4F31B154-F497-7675-6850-86F10FD42576} = {4F31B154-F497-7675-6850-86F10FD42576}
		{78CEF408-5CDC-6A4A-9744-550C99E03B5C} = {78CEF408-5CDC-6A4A-9744-550C99E03B5C}
		{442DE29E-C8EE-3658-1F1A-C70AD8F380C5} = {442DE29E-C8EE-3658-1F1A-C70AD8F380C5}
		{D9EBDA44-6298-3F6F-924B-FA512F507DC2} = {D9EBDA44-6298-3F6F-924B-FA512F507DC2}
		{1DDDEFE0-7436-E305-6B45-11F73132E5E5} = {1DDDEFE0-7436-E305-6B45-11F73132E5E5}
		{F72661FC-251F-FE23-0D03-AAEF71606B52} = {F72661FC-251F-FE23-0D03-AAEF71606B52}
		{F71B26EF-1254-74DD-DA6D-A5183B465EAA} = {F71B26EF-1254-74DD-DA6D-A5183B465EAA}
		{FA81B199-CBA9-3135-EAE0-574213CD8359} = {FA81B199-CBA9-3135-EAE0-574213CD8359}
		{7B405598-69E1-09C8-068E-80BDBF4A94C5} = {7B405598-69E1-09C8-068E-80BDBF4A94C5}
		{16CE2B79-71D5-4482-153A-829C9B4A5EE0} = {16CE2B79-71D5-4482-153A-829C9B4A5EE0}
		{91974272-C716-5481-DCB5-BEE679DCAB0D} = {91974272-C716-5481-DCB5-BEE679DCAB0D}
		{F382D177-51A7-E62D-134D-4C58A2C6732C} = {F382D177-51A7-E62D-134D-4C58A2C6732C}
		{E2F5B63A-1E61-3D6B-0108-5808AA2C11D3} = {E2F5B63A-1E61-3D6B-0108-5808AA2C11D3}
		{657945B9-6AB4-354F-326C-E70F92FEDA88} = {657945B9-6AB4-354F-326C-E70F92FEDA88}
		{4ACA5BD9-22EC-959B-BC23-06B1BDE62E82} = {4ACA5BD9-22EC-959B-BC23-06B1BDE62E82}
		{75FA0B02-EA04-9B54-4B03-856D70045A91} = {75FA0B02-EA04-9B54-4B03-856D70045A91}
		{988BE51E-AE2E-1909-C1F3-4E5C19FA3AF0} = {988BE51E-AE2E-1909-C1F3-4E5C19FA3AF0}
		{4877B9F7-C2C6-1D0C-7360-A8448FB1EBC7} = {4877B9F7-C2C6-1D0C-7360-A8448FB1EBC7}
		{725197D9-B6FA-A87F-3149-DA782653065A} = {725197D9-B6FA-A87F-3149-DA782653065A}
		{E17E4EC3-DE57-DB90-C77F-B6AF988317AD} = {E17E4EC3-DE57-DB90-C77F-B6AF988317AD}
		{8ED59A1C-88A9-CA12-0A41-F33259CE1D1B} = {8ED59A1C-88A9-CA12-0A41-F33259CE1D1B}
		{45874736-6F8E-F046-12AB-F59040F962C3} = {45874736-6F8E-F046-12AB-F59040F962C3}
		{FF395886-204A-4C0C-6C2A-D09E80EB811A} = {FF395886-204A-4C0C-6C2A-D09E80EB811A}
		{DEAA02E6-C07D-5E81-7CE0-320FCF6D6EF8} = {DEAA02E6-C07D-5E81-7CE0-320FCF6D6EF8}
		{8451C0A0-B2C0-BB15-D7AF-1ECC6392D5DD} = {8451C0A0-B2C0-BB15-D7AF-1ECC6392D5DD}
		{59AE9B49-7D3A-B829-BD9D-B35923734432} = {59AE9B49-7D3A-B829-BD9D-B35923734432}
	EndProjectSection
EndProject
Project("{8BC9CEB8-8B4A-11D0-8D11-00A0C91BC942}") = "modp_b64", "..\..\third_party\modp_b64\modp_b64.vcxproj", "{773C1870-7481-DCF6-0372-30037D82E6DA}"
EndProject
Project("{8BC9CEB8-8B4A-11D0-8D11-00A0C91BC942}") = "net", "..\..\net\net.vcxproj", "{F72661FC-251F-FE23-0D03-AAEF71606B52}"
	ProjectSection(ProjectDependencies) = postProject
		{4ACA5BD9-22EC-959B-BC23-06B1BDE62E82} = {4ACA5BD9-22EC-959B-BC23-06B1BDE62E82}
	EndProjectSection
EndProject
Project("{8BC9CEB8-8B4A-11D0-8D11-00A0C91BC942}") = "net_resources", "..\..\net\net_resources.vcxproj", "{4ACA5BD9-22EC-959B-BC23-06B1BDE62E82}"
EndProject
Project("{8BC9CEB8-8B4A-11D0-8D11-00A0C91BC942}") = "nspr", "..\..\third_party\nss\nspr.vcxproj", "{FA81B199-CBA9-3135-EAE0-574213CD8359}"
EndProject
Project("{8BC9CEB8-8B4A-11D0-8D11-00A0C91BC942}") = "nss", "..\..\third_party\nss\nss.vcxproj", "{7B405598-69E1-09C8-068E-80BDBF4A94C5}"
EndProject
Project("{8BC9CEB8-8B4A-11D0-8D11-00A0C91BC942}") = "nss_static", "..\..\third_party\nss\nss_static.vcxproj", "{16CE2B79-71D5-4482-153A-829C9B4A5EE0}"
EndProject
Project("{8BC9CEB8-8B4A-11D0-8D11-00A0C91BC942}") = "sdch", "..\..\sdch\sdch.vcxproj", "{F382D177-51A7-E62D-134D-4C58A2C6732C}"
EndProject
Project("{8BC9CEB8-8B4A-11D0-8D11-00A0C91BC942}") = "sfntly", "..\..\third_party\sfntly\sfntly.vcxproj", "{8ED59A1C-88A9-CA12-0A41-F33259CE1D1B}"
EndProject
Project("{8BC9CEB8-8B4A-11D0-8D11-00A0C91BC942}") = "skia", "..\..\skia\skia.vcxproj", "{988BE51E-AE2E-1909-C1F3-4E5C19FA3AF0}"
	ProjectSection(ProjectDependencies) = postProject
		{4877B9F7-C2C6-1D0C-7360-A8448FB1EBC7} = {4877B9F7-C2C6-1D0C-7360-A8448FB1EBC7}
		{FF395886-204A-4C0C-6C2A-D09E80EB811A} = {FF395886-204A-4C0C-6C2A-D09E80EB811A}
	EndProjectSection
EndProject
Project("{8BC9CEB8-8B4A-11D0-8D11-00A0C91BC942}") = "skia_chrome", "..\..\skia\skia_chrome.vcxproj", "{FF395886-204A-4C0C-6C2A-D09E80EB811A}"
EndProject
Project("{8BC9CEB8-8B4A-11D0-8D11-00A0C91BC942}") = "skia_chrome_opts", "..\..\skia\skia_chrome_opts.vcxproj", "{DEAA02E6-C07D-5E81-7CE0-320FCF6D6EF8}"
EndProject
Project("{8BC9CEB8-8B4A-11D0-8D11-00A0C91BC942}") = "skia_library", "..\..\skia\skia_library.vcxproj", "{4877B9F7-C2C6-1D0C-7360-A8448FB1EBC7}"
	ProjectSection(ProjectDependencies) = postProject
		{45874736-6F8E-F046-12AB-F59040F962C3} = {45874736-6F8E-F046-12AB-F59040F962C3}
	EndProjectSection
EndProject
Project("{8BC9CEB8-8B4A-11D0-8D11-00A0C91BC942}") = "skia_opts", "..\..\skia\skia_opts.vcxproj", "{725197D9-B6FA-A87F-3149-DA782653065A}"
EndProject
Project("{8BC9CEB8-8B4A-11D0-8D11-00A0C91BC942}") = "skia_opts_ssse3", "..\..\skia\skia_opts_ssse3.vcxproj", "{E17E4EC3-DE57-DB90-C77F-B6AF988317AD}"
EndProject
Project("{8BC9CEB8-8B4A-11D0-8D11-00A0C91BC942}") = "sqlite", "..\..\third_party\sqlite\sqlite.vcxproj", "{91974272-C716-5481-DCB5-BEE679DCAB0D}"
EndProject
Project("{8BC9CEB8-8B4A-11D0-8D11-00A0C91BC942}") = "url_lib", "..\..\url\url_lib.vcxproj", "{657945B9-6AB4-354F-326C-E70F92FEDA88}"
	ProjectSection(ProjectDependencies) = postProject
		{1DDDEFE0-7436-E305-6B45-11F73132E5E5} = {1DDDEFE0-7436-E305-6B45-11F73132E5E5}
	EndProjectSection
EndProject
Project("{8BC9CEB8-8B4A-11D0-8D11-00A0C91BC942}") = "zlib", "..\..\third_party\zlib\zlib.vcxproj", "{E2F5B63A-1E61-3D6B-0108-5808AA2C11D3}"
EndProject
Global
	GlobalSection(SolutionConfigurationPlatforms) = preSolution
		Release|x64 = Release|x64
		Debug|Win32 = Debug|Win32
		Debug|x64 = Debug|x64
		Release|Win32 = Release|Win32
	EndGlobalSection
	GlobalSection(ProjectConfigurationPlatforms) = postSolution
		{16CE2B79-71D5-4482-153A-829C9B4A5EE0}.Release|x64.ActiveCfg = Release|x64
		{16CE2B79-71D5-4482-153A-829C9B4A5EE0}.Release|x64.Build.0 = Release|x64
		{16CE2B79-71D5-4482-153A-829C9B4A5EE0}.Debug|Win32.ActiveCfg = Debug|Win32
		{16CE2B79-71D5-4482-153A-829C9B4A5EE0}.Debug|Win32.Build.0 = Debug|Win32
		{16CE2B79-71D5-4482-153A-829C9B4A5EE0}.Debug|x64.ActiveCfg = Debug|x64
		{16CE2B79-71D5-4482-153A-829C9B4A5EE0}.Debug|x64.Build.0 = Debug|x64
		{16CE2B79-71D5-4482-153A-829C9B4A5EE0}.Release|Win32.ActiveCfg = Release|Win32
		{16CE2B79-71D5-4482-153A-829C9B4A5EE0}.Release|Win32.Build.0 = Release|Win32
		{1DDDEFE0-7436-E305-6B45-11F73132E5E5}.Release|x64.ActiveCfg = Release|x64
		{1DDDEFE0-7436-E305-6B45-11F73132E5E5}.Release|x64.Build.0 = Release|x64
		{1DDDEFE0-7436-E305-6B45-11F73132E5E5}.Debug|Win32.ActiveCfg = Debug|Win32
		{1DDDEFE0-7436-E305-6B45-11F73132E5E5}.Debug|Win32.Build.0 = Debug|Win32
		{1DDDEFE0-7436-E305-6B45-11F73132E5E5}.Debug|x64.ActiveCfg = Debug|x64
		{1DDDEFE0-7436-E305-6B45-11F73132E5E5}.Debug|x64.Build.0 = Debug|x64
		{1DDDEFE0-7436-E305-6B45-11F73132E5E5}.Release|Win32.ActiveCfg = Release|Win32
		{1DDDEFE0-7436-E305-6B45-11F73132E5E5}.Release|Win32.Build.0 = Release|Win32
		{442DE29E-C8EE-3658-1F1A-C70AD8F380C5}.Release|x64.ActiveCfg = Release|x64
		{442DE29E-C8EE-3658-1F1A-C70AD8F380C5}.Release|x64.Build.0 = Release|x64
		{442DE29E-C8EE-3658-1F1A-C70AD8F380C5}.Debug|Win32.ActiveCfg = Debug|Win32
		{442DE29E-C8EE-3658-1F1A-C70AD8F380C5}.Debug|Win32.Build.0 = Debug|Win32
		{442DE29E-C8EE-3658-1F1A-C70AD8F380C5}.Debug|x64.ActiveCfg = Debug|x64
		{442DE29E-C8EE-3658-1F1A-C70AD8F380C5}.Debug|x64.Build.0 = Debug|x64
		{442DE29E-C8EE-3658-1F1A-C70AD8F380C5}.Release|Win32.ActiveCfg = Release|Win32
		{442DE29E-C8EE-3658-1F1A-C70AD8F380C5}.Release|Win32.Build.0 = Release|Win32
		{45874736-6F8E-F046-12AB-F59040F962C3}.Release|x64.ActiveCfg = Release|x64
		{45874736-6F8E-F046-12AB-F59040F962C3}.Release|x64.Build.0 = Release|x64
		{45874736-6F8E-F046-12AB-F59040F962C3}.Debug|Win32.ActiveCfg = Debug|Win32
		{45874736-6F8E-F046-12AB-F59040F962C3}.Debug|Win32.Build.0 = Debug|Win32
		{45874736-6F8E-F046-12AB-F59040F962C3}.Debug|x64.ActiveCfg = Debug|x64
		{45874736-6F8E-F046-12AB-F59040F962C3}.Debug|x64.Build.0 = Debug|x64
		{45874736-6F8E-F046-12AB-F59040F962C3}.Release|Win32.ActiveCfg = Release|Win32
		{45874736-6F8E-F046-12AB-F59040F962C3}.Release|Win32.Build.0 = Release|Win32
		{4877B9F7-C2C6-1D0C-7360-A8448FB1EBC7}.Release|x64.ActiveCfg = Release|x64
		{4877B9F7-C2C6-1D0C-7360-A8448FB1EBC7}.Release|x64.Build.0 = Release|x64
		{4877B9F7-C2C6-1D0C-7360-A8448FB1EBC7}.Debug|Win32.ActiveCfg = Debug|Win32
		{4877B9F7-C2C6-1D0C-7360-A8448FB1EBC7}.Debug|Win32.Build.0 = Debug|Win32
		{4877B9F7-C2C6-1D0C-7360-A8448FB1EBC7}.Debug|x64.ActiveCfg = Debug|x64
		{4877B9F7-C2C6-1D0C-7360-A8448FB1EBC7}.Debug|x64.Build.0 = Debug|x64
		{4877B9F7-C2C6-1D0C-7360-A8448FB1EBC7}.Release|Win32.ActiveCfg = Release|Win32
		{4877B9F7-C2C6-1D0C-7360-A8448FB1EBC7}.Release|Win32.Build.0 = Release|Win32
		{4ACA5BD9-22EC-959B-BC23-06B1BDE62E82}.Release|x64.ActiveCfg = Release|x64
		{4ACA5BD9-22EC-959B-BC23-06B1BDE62E82}.Release|x64.Build.0 = Release|x64
		{4ACA5BD9-22EC-959B-BC23-06B1BDE62E82}.Debug|Win32.ActiveCfg = Debug|Win32
		{4ACA5BD9-22EC-959B-BC23-06B1BDE62E82}.Debug|Win32.Build.0 = Debug|Win32
		{4ACA5BD9-22EC-959B-BC23-06B1BDE62E82}.Debug|x64.ActiveCfg = Debug|x64
		{4ACA5BD9-22EC-959B-BC23-06B1BDE62E82}.Debug|x64.Build.0 = Debug|x64
		{4ACA5BD9-22EC-959B-BC23-06B1BDE62E82}.Release|Win32.ActiveCfg = Release|Win32
		{4ACA5BD9-22EC-959B-BC23-06B1BDE62E82}.Release|Win32.Build.0 = Release|Win32
		{4F31B154-F497-7675-6850-86F10FD42576}.Release|x64.ActiveCfg = Release|x64
		{4F31B154-F497-7675-6850-86F10FD42576}.Release|x64.Build.0 = Release|x64
		{4F31B154-F497-7675-6850-86F10FD42576}.Debug|Win32.ActiveCfg = Debug|Win32
		{4F31B154-F497-7675-6850-86F10FD42576}.Debug|Win32.Build.0 = Debug|Win32
		{4F31B154-F497-7675-6850-86F10FD42576}.Debug|x64.ActiveCfg = Debug|x64
		{4F31B154-F497-7675-6850-86F10FD42576}.Debug|x64.Build.0 = Debug|x64
		{4F31B154-F497-7675-6850-86F10FD42576}.Release|Win32.ActiveCfg = Release|Win32
		{4F31B154-F497-7675-6850-86F10FD42576}.Release|Win32.Build.0 = Release|Win32
		{59AE9B49-7D3A-B829-BD9D-B35923734432}.Release|x64.ActiveCfg = Release|x64
		{59AE9B49-7D3A-B829-BD9D-B35923734432}.Release|x64.Build.0 = Release|x64
		{59AE9B49-7D3A-B829-BD9D-B35923734432}.Debug|Win32.ActiveCfg = Debug|Win32
		{59AE9B49-7D3A-B829-BD9D-B35923734432}.Debug|Win32.Build.0 = Debug|Win32
		{59AE9B49-7D3A-B829-BD9D-B35923734432}.Debug|x64.ActiveCfg = Debug|x64
		{59AE9B49-7D3A-B829-BD9D-B35923734432}.Debug|x64.Build.0 = Debug|x64
		{59AE9B49-7D3A-B829-BD9D-B35923734432}.Release|Win32.ActiveCfg = Release|Win32
		{59AE9B49-7D3A-B829-BD9D-B35923734432}.Release|Win32.Build.0 = Release|Win32
		{5AE42583-0C83-0D80-C5D0-10CCB623A466}.Release|x64.ActiveCfg = Release|x64
		{5AE42583-0C83-0D80-C5D0-10CCB623A466}.Release|x64.Build.0 = Release|x64
		{5AE42583-0C83-0D80-C5D0-10CCB623A466}.Debug|Win32.ActiveCfg = Debug|Win32
		{5AE42583-0C83-0D80-C5D0-10CCB623A466}.Debug|Win32.Build.0 = Debug|Win32
		{5AE42583-0C83-0D80-C5D0-10CCB623A466}.Debug|x64.ActiveCfg = Debug|x64
		{5AE42583-0C83-0D80-C5D0-10CCB623A466}.Debug|x64.Build.0 = Debug|x64
		{5AE42583-0C83-0D80-C5D0-10CCB623A466}.Release|Win32.ActiveCfg = Release|Win32
		{5AE42583-0C83-0D80-C5D0-10CCB623A466}.Release|Win32.Build.0 = Release|Win32
		{60CC28BF-D0BC-3468-9D02-3AF1D15F1CA2}.Release|x64.ActiveCfg = Release|x64
		{60CC28BF-D0BC-3468-9D02-3AF1D15F1CA2}.Release|x64.Build.0 = Release|x64
		{60CC28BF-D0BC-3468-9D02-3AF1D15F1CA2}.Debug|Win32.ActiveCfg = Debug|Win32
		{60CC28BF-D0BC-3468-9D02-3AF1D15F1CA2}.Debug|Win32.Build.0 = Debug|Win32
		{60CC28BF-D0BC-3468-9D02-3AF1D15F1CA2}.Debug|x64.ActiveCfg = Debug|x64
		{60CC28BF-D0BC-3468-9D02-3AF1D15F1CA2}.Debug|x64.Build.0 = Debug|x64
		{60CC28BF-D0BC-3468-9D02-3AF1D15F1CA2}.Release|Win32.ActiveCfg = Release|Win32
		{60CC28BF-D0BC-3468-9D02-3AF1D15F1CA2}.Release|Win32.Build.0 = Release|Win32
		{657945B9-6AB4-354F-326C-E70F92FEDA88}.Release|x64.ActiveCfg = Release|x64
		{657945B9-6AB4-354F-326C-E70F92FEDA88}.Release|x64.Build.0 = Release|x64
		{657945B9-6AB4-354F-326C-E70F92FEDA88}.Debug|Win32.ActiveCfg = Debug|Win32
		{657945B9-6AB4-354F-326C-E70F92FEDA88}.Debug|Win32.Build.0 = Debug|Win32
		{657945B9-6AB4-354F-326C-E70F92FEDA88}.Debug|x64.ActiveCfg = Debug|x64
		{657945B9-6AB4-354F-326C-E70F92FEDA88}.Debug|x64.Build.0 = Debug|x64
		{657945B9-6AB4-354F-326C-E70F92FEDA88}.Release|Win32.ActiveCfg = Release|Win32
		{657945B9-6AB4-354F-326C-E70F92FEDA88}.Release|Win32.Build.0 = Release|Win32
		{6DF197C9-D783-42ED-E872-6618EF9F46AE}.Release|x64.ActiveCfg = Release|x64
		{6DF197C9-D783-42ED-E872-6618EF9F46AE}.Release|x64.Build.0 = Release|x64
		{6DF197C9-D783-42ED-E872-6618EF9F46AE}.Debug|Win32.ActiveCfg = Debug|Win32
		{6DF197C9-D783-42ED-E872-6618EF9F46AE}.Debug|Win32.Build.0 = Debug|Win32
		{6DF197C9-D783-42ED-E872-6618EF9F46AE}.Debug|x64.ActiveCfg = Debug|x64
		{6DF197C9-D783-42ED-E872-6618EF9F46AE}.Debug|x64.Build.0 = Debug|x64
		{6DF197C9-D783-42ED-E872-6618EF9F46AE}.Release|Win32.ActiveCfg = Release|Win32
		{6DF197C9-D783-42ED-E872-6618EF9F46AE}.Release|Win32.Build.0 = Release|Win32
		{725197D9-B6FA-A87F-3149-DA782653065A}.Release|x64.ActiveCfg = Release|x64
		{725197D9-B6FA-A87F-3149-DA782653065A}.Release|x64.Build.0 = Release|x64
		{725197D9-B6FA-A87F-3149-DA782653065A}.Debug|Win32.ActiveCfg = Debug|Win32
		{725197D9-B6FA-A87F-3149-DA782653065A}.Debug|Win32.Build.0 = Debug|Win32
		{725197D9-B6FA-A87F-3149-DA782653065A}.Debug|x64.ActiveCfg = Debug|x64
		{725197D9-B6FA-A87F-3149-DA782653065A}.Debug|x64.Build.0 = Debug|x64
		{725197D9-B6FA-A87F-3149-DA782653065A}.Release|Win32.ActiveCfg = Release|Win32
		{725197D9-B6FA-A87F-3149-DA782653065A}.Release|Win32.Build.0 = Release|Win32
		{75AAA51A-48F8-64FA-ADA9-3C57325F7E8D}.Release|x64.ActiveCfg = Release|x64
		{75AAA51A-48F8-64FA-ADA9-3C57325F7E8D}.Release|x64.Build.0 = Release|x64
		{75AAA51A-48F8-64FA-ADA9-3C57325F7E8D}.Debug|Win32.ActiveCfg = Debug|Win32
		{75AAA51A-48F8-64FA-ADA9-3C57325F7E8D}.Debug|Win32.Build.0 = Debug|Win32
		{75AAA51A-48F8-64FA-ADA9-3C57325F7E8D}.Debug|x64.ActiveCfg = Debug|x64
		{75AAA51A-48F8-64FA-ADA9-3C57325F7E8D}.Debug|x64.Build.0 = Debug|x64
		{75AAA51A-48F8-64FA-ADA9-3C57325F7E8D}.Release|Win32.ActiveCfg = Release|Win32
		{75AAA51A-48F8-64FA-ADA9-3C57325F7E8D}.Release|Win32.Build.0 = Release|Win32
		{75FA0B02-EA04-9B54-4B03-856D70045A91}.Release|x64.ActiveCfg = Release|x64
		{75FA0B02-EA04-9B54-4B03-856D70045A91}.Release|x64.Build.0 = Release|x64
		{75FA0B02-EA04-9B54-4B03-856D70045A91}.Debug|Win32.ActiveCfg = Debug|Win32
		{75FA0B02-EA04-9B54-4B03-856D70045A91}.Debug|Win32.Build.0 = Debug|Win32
		{75FA0B02-EA04-9B54-4B03-856D70045A91}.Debug|x64.ActiveCfg = Debug|x64
		{75FA0B02-EA04-9B54-4B03-856D70045A91}.Debug|x64.Build.0 = Debug|x64
		{75FA0B02-EA04-9B54-4B03-856D70045A91}.Release|Win32.ActiveCfg = Release|Win32
		{75FA0B02-EA04-9B54-4B03-856D70045A91}.Release|Win32.Build.0 = Release|Win32
		{773C1870-7481-DCF6-0372-30037D82E6DA}.Release|x64.ActiveCfg = Release|x64
		{773C1870-7481-DCF6-0372-30037D82E6DA}.Release|x64.Build.0 = Release|x64
		{773C1870-7481-DCF6-0372-30037D82E6DA}.Debug|Win32.ActiveCfg = Debug|Win32
		{773C1870-7481-DCF6-0372-30037D82E6DA}.Debug|Win32.Build.0 = Debug|Win32
		{773C1870-7481-DCF6-0372-30037D82E6DA}.Debug|x64.ActiveCfg = Debug|x64
		{773C1870-7481-DCF6-0372-30037D82E6DA}.Debug|x64.Build.0 = Debug|x64
		{773C1870-7481-DCF6-0372-30037D82E6DA}.Release|Win32.ActiveCfg = Release|Win32
		{773C1870-7481-DCF6-0372-30037D82E6DA}.Release|Win32.Build.0 = Release|Win32
		{78CEF408-5CDC-6A4A-9744-550C99E03B5C}.Release|x64.ActiveCfg = Release|x64
		{78CEF408-5CDC-6A4A-9744-550C99E03B5C}.Release|x64.Build.0 = Release|x64
		{78CEF408-5CDC-6A4A-9744-550C99E03B5C}.Debug|Win32.ActiveCfg = Debug|Win32
		{78CEF408-5CDC-6A4A-9744-550C99E03B5C}.Debug|Win32.Build.0 = Debug|Win32
		{78CEF408-5CDC-6A4A-9744-550C99E03B5C}.Debug|x64.ActiveCfg = Debug|x64
		{78CEF408-5CDC-6A4A-9744-550C99E03B5C}.Debug|x64.Build.0 = Debug|x64
		{78CEF408-5CDC-6A4A-9744-550C99E03B5C}.Release|Win32.ActiveCfg = Release|Win32
		{78CEF408-5CDC-6A4A-9744-550C99E03B5C}.Release|Win32.Build.0 = Release|Win32
		{7B405598-69E1-09C8-068E-80BDBF4A94C5}.Release|x64.ActiveCfg = Release|x64
		{7B405598-69E1-09C8-068E-80BDBF4A94C5}.Release|x64.Build.0 = Release|x64
		{7B405598-69E1-09C8-068E-80BDBF4A94C5}.Debug|Win32.ActiveCfg = Debug|Win32
		{7B405598-69E1-09C8-068E-80BDBF4A94C5}.Debug|Win32.Build.0 = Debug|Win32
		{7B405598-69E1-09C8-068E-80BDBF4A94C5}.Debug|x64.ActiveCfg = Debug|x64
		{7B405598-69E1-09C8-068E-80BDBF4A94C5}.Debug|x64.Build.0 = Debug|x64
		{7B405598-69E1-09C8-068E-80BDBF4A94C5}.Release|Win32.ActiveCfg = Release|Win32
		{7B405598-69E1-09C8-068E-80BDBF4A94C5}.Release|Win32.Build.0 = Release|Win32
		{7F4C2508-793C-AB90-0D98-070E7E2EC135}.Release|x64.ActiveCfg = Release|x64
		{7F4C2508-793C-AB90-0D98-070E7E2EC135}.Release|x64.Build.0 = Release|x64
		{7F4C2508-793C-AB90-0D98-070E7E2EC135}.Debug|Win32.ActiveCfg = Debug|Win32
		{7F4C2508-793C-AB90-0D98-070E7E2EC135}.Debug|Win32.Build.0 = Debug|Win32
		{7F4C2508-793C-AB90-0D98-070E7E2EC135}.Debug|x64.ActiveCfg = Debug|x64
		{7F4C2508-793C-AB90-0D98-070E7E2EC135}.Debug|x64.Build.0 = Debug|x64
		{7F4C2508-793C-AB90-0D98-070E7E2EC135}.Release|Win32.ActiveCfg = Release|Win32
		{7F4C2508-793C-AB90-0D98-070E7E2EC135}.Release|Win32.Build.0 = Release|Win32
		{8451C0A0-B2C0-BB15-D7AF-1ECC6392D5DD}.Release|x64.ActiveCfg = Release|x64
		{8451C0A0-B2C0-BB15-D7AF-1ECC6392D5DD}.Release|x64.Build.0 = Release|x64
		{8451C0A0-B2C0-BB15-D7AF-1ECC6392D5DD}.Debug|Win32.ActiveCfg = Debug|Win32
		{8451C0A0-B2C0-BB15-D7AF-1ECC6392D5DD}.Debug|Win32.Build.0 = Debug|Win32
		{8451C0A0-B2C0-BB15-D7AF-1ECC6392D5DD}.Debug|x64.ActiveCfg = Debug|x64
		{8451C0A0-B2C0-BB15-D7AF-1ECC6392D5DD}.Debug|x64.Build.0 = Debug|x64
		{8451C0A0-B2C0-BB15-D7AF-1ECC6392D5DD}.Release|Win32.ActiveCfg = Release|Win32
		{8451C0A0-B2C0-BB15-D7AF-1ECC6392D5DD}.Release|Win32.Build.0 = Release|Win32
		{8ED59A1C-88A9-CA12-0A41-F33259CE1D1B}.Release|x64.ActiveCfg = Release|x64
		{8ED59A1C-88A9-CA12-0A41-F33259CE1D1B}.Release|x64.Build.0 = Release|x64
		{8ED59A1C-88A9-CA12-0A41-F33259CE1D1B}.Debug|Win32.ActiveCfg = Debug|Win32
		{8ED59A1C-88A9-CA12-0A41-F33259CE1D1B}.Debug|Win32.Build.0 = Debug|Win32
		{8ED59A1C-88A9-CA12-0A41-F33259CE1D1B}.Debug|x64.ActiveCfg = Debug|x64
		{8ED59A1C-88A9-CA12-0A41-F33259CE1D1B}.Debug|x64.Build.0 = Debug|x64
		{8ED59A1C-88A9-CA12-0A41-F33259CE1D1B}.Release|Win32.ActiveCfg = Release|Win32
		{8ED59A1C-88A9-CA12-0A41-F33259CE1D1B}.Release|Win32.Build.0 = Release|Win32
		{91974272-C716-5481-DCB5-BEE679DCAB0D}.Release|x64.ActiveCfg = Release|x64
		{91974272-C716-5481-DCB5-BEE679DCAB0D}.Release|x64.Build.0 = Release|x64
		{91974272-C716-5481-DCB5-BEE679DCAB0D}.Debug|Win32.ActiveCfg = Debug|Win32
		{91974272-C716-5481-DCB5-BEE679DCAB0D}.Debug|Win32.Build.0 = Debug|Win32
		{91974272-C716-5481-DCB5-BEE679DCAB0D}.Debug|x64.ActiveCfg = Debug|x64
		{91974272-C716-5481-DCB5-BEE679DCAB0D}.Debug|x64.Build.0 = Debug|x64
		{91974272-C716-5481-DCB5-BEE679DCAB0D}.Release|Win32.ActiveCfg = Release|Win32
		{91974272-C716-5481-DCB5-BEE679DCAB0D}.Release|Win32.Build.0 = Release|Win32
		{988BE51E-AE2E-1909-C1F3-4E5C19FA3AF0}.Release|x64.ActiveCfg = Release|x64
		{988BE51E-AE2E-1909-C1F3-4E5C19FA3AF0}.Release|x64.Build.0 = Release|x64
		{988BE51E-AE2E-1909-C1F3-4E5C19FA3AF0}.Debug|Win32.ActiveCfg = Debug|Win32
		{988BE51E-AE2E-1909-C1F3-4E5C19FA3AF0}.Debug|Win32.Build.0 = Debug|Win32
		{988BE51E-AE2E-1909-C1F3-4E5C19FA3AF0}.Debug|x64.ActiveCfg = Debug|x64
		{988BE51E-AE2E-1909-C1F3-4E5C19FA3AF0}.Debug|x64.Build.0 = Debug|x64
		{988BE51E-AE2E-1909-C1F3-4E5C19FA3AF0}.Release|Win32.ActiveCfg = Release|Win32
		{988BE51E-AE2E-1909-C1F3-4E5C19FA3AF0}.Release|Win32.Build.0 = Release|Win32
		{AEFFDC9F-61F9-C7AC-BB02-B8C330AE61C8}.Release|x64.ActiveCfg = Release|x64
		{AEFFDC9F-61F9-C7AC-BB02-B8C330AE61C8}.Release|x64.Build.0 = Release|x64
		{AEFFDC9F-61F9-C7AC-BB02-B8C330AE61C8}.Debug|Win32.ActiveCfg = Debug|Win32
		{AEFFDC9F-61F9-C7AC-BB02-B8C330AE61C8}.Debug|Win32.Build.0 = Debug|Win32
		{AEFFDC9F-61F9-C7AC-BB02-B8C330AE61C8}.Debug|x64.ActiveCfg = Debug|x64
		{AEFFDC9F-61F9-C7AC-BB02-B8C330AE61C8}.Debug|x64.Build.0 = Debug|x64
		{AEFFDC9F-61F9-C7AC-BB02-B8C330AE61C8}.Release|Win32.ActiveCfg = Release|Win32
		{AEFFDC9F-61F9-C7AC-BB02-B8C330AE61C8}.Release|Win32.Build.0 = Release|Win32
		{D9EBDA44-6298-3F6F-924B-FA512F507DC2}.Release|x64.ActiveCfg = Release|x64
		{D9EBDA44-6298-3F6F-924B-FA512F507DC2}.Release|x64.Build.0 = Release|x64
		{D9EBDA44-6298-3F6F-924B-FA512F507DC2}.Debug|Win32.ActiveCfg = Debug|Win32
		{D9EBDA44-6298-3F6F-924B-FA512F507DC2}.Debug|Win32.Build.0 = Debug|Win32
		{D9EBDA44-6298-3F6F-924B-FA512F507DC2}.Debug|x64.ActiveCfg = Debug|x64
		{D9EBDA44-6298-3F6F-924B-FA512F507DC2}.Debug|x64.Build.0 = Debug|x64
		{D9EBDA44-6298-3F6F-924B-FA512F507DC2}.Release|Win32.ActiveCfg = Release|Win32
		{D9EBDA44-6298-3F6F-924B-FA512F507DC2}.Release|Win32.Build.0 = Release|Win32
		{DEAA02E6-C07D-5E81-7CE0-320FCF6D6EF8}.Release|x64.ActiveCfg = Release|x64
		{DEAA02E6-C07D-5E81-7CE0-320FCF6D6EF8}.Release|x64.Build.0 = Release|x64
		{DEAA02E6-C07D-5E81-7CE0-320FCF6D6EF8}.Debug|Win32.ActiveCfg = Debug|Win32
		{DEAA02E6-C07D-5E81-7CE0-320FCF6D6EF8}.Debug|Win32.Build.0 = Debug|Win32
		{DEAA02E6-C07D-5E81-7CE0-320FCF6D6EF8}.Debug|x64.ActiveCfg = Debug|x64
		{DEAA02E6-C07D-5E81-7CE0-320FCF6D6EF8}.Debug|x64.Build.0 = Debug|x64
		{DEAA02E6-C07D-5E81-7CE0-320FCF6D6EF8}.Release|Win32.ActiveCfg = Release|Win32
		{DEAA02E6-C07D-5E81-7CE0-320FCF6D6EF8}.Release|Win32.Build.0 = Release|Win32
		{E17E4EC3-DE57-DB90-C77F-B6AF988317AD}.Release|x64.ActiveCfg = Release|x64
		{E17E4EC3-DE57-DB90-C77F-B6AF988317AD}.Release|x64.Build.0 = Release|x64
		{E17E4EC3-DE57-DB90-C77F-B6AF988317AD}.Debug|Win32.ActiveCfg = Debug|Win32
		{E17E4EC3-DE57-DB90-C77F-B6AF988317AD}.Debug|Win32.Build.0 = Debug|Win32
		{E17E4EC3-DE57-DB90-C77F-B6AF988317AD}.Debug|x64.ActiveCfg = Debug|x64
		{E17E4EC3-DE57-DB90-C77F-B6AF988317AD}.Debug|x64.Build.0 = Debug|x64
		{E17E4EC3-DE57-DB90-C77F-B6AF988317AD}.Release|Win32.ActiveCfg = Release|Win32
		{E17E4EC3-DE57-DB90-C77F-B6AF988317AD}.Release|Win32.Build.0 = Release|Win32
		{E2F5B63A-1E61-3D6B-0108-5808AA2C11D3}.Release|x64.ActiveCfg = Release|x64
		{E2F5B63A-1E61-3D6B-0108-5808AA2C11D3}.Release|x64.Build.0 = Release|x64
		{E2F5B63A-1E61-3D6B-0108-5808AA2C11D3}.Debug|Win32.ActiveCfg = Debug|Win32
		{E2F5B63A-1E61-3D6B-0108-5808AA2C11D3}.Debug|Win32.Build.0 = Debug|Win32
		{E2F5B63A-1E61-3D6B-0108-5808AA2C11D3}.Debug|x64.ActiveCfg = Debug|x64
		{E2F5B63A-1E61-3D6B-0108-5808AA2C11D3}.Debug|x64.Build.0 = Debug|x64
		{E2F5B63A-1E61-3D6B-0108-5808AA2C11D3}.Release|Win32.ActiveCfg = Release|Win32
		{E2F5B63A-1E61-3D6B-0108-5808AA2C11D3}.Release|Win32.Build.0 = Release|Win32
		{F382D177-51A7-E62D-134D-4C58A2C6732C}.Release|x64.ActiveCfg = Release|x64
		{F382D177-51A7-E62D-134D-4C58A2C6732C}.Release|x64.Build.0 = Release|x64
		{F382D177-51A7-E62D-134D-4C58A2C6732C}.Debug|Win32.ActiveCfg = Debug|Win32
		{F382D177-51A7-E62D-134D-4C58A2C6732C}.Debug|Win32.Build.0 = Debug|Win32
		{F382D177-51A7-E62D-134D-4C58A2C6732C}.Debug|x64.ActiveCfg = Debug|x64
		{F382D177-51A7-E62D-134D-4C58A2C6732C}.Debug|x64.Build.0 = Debug|x64
		{F382D177-51A7-E62D-134D-4C58A2C6732C}.Release|Win32.ActiveCfg = Release|Win32
		{F382D177-51A7-E62D-134D-4C58A2C6732C}.Release|Win32.Build.0 = Release|Win32
		{F71B26EF-1254-74DD-DA6D-A5183B465EAA}.Release|x64.ActiveCfg = Release|x64
		{F71B26EF-1254-74DD-DA6D-A5183B465EAA}.Release|x64.Build.0 = Release|x64
		{F71B26EF-1254-74DD-DA6D-A5183B465EAA}.Debug|Win32.ActiveCfg = Debug|Win32
		{F71B26EF-1254-74DD-DA6D-A5183B465EAA}.Debug|Win32.Build.0 = Debug|Win32
		{F71B26EF-1254-74DD-DA6D-A5183B465EAA}.Debug|x64.ActiveCfg = Debug|x64
		{F71B26EF-1254-74DD-DA6D-A5183B465EAA}.Debug|x64.Build.0 = Debug|x64
		{F71B26EF-1254-74DD-DA6D-A5183B465EAA}.Release|Win32.ActiveCfg = Release|Win32
		{F71B26EF-1254-74DD-DA6D-A5183B465EAA}.Release|Win32.Build.0 = Release|Win32
		{F72661FC-251F-FE23-0D03-AAEF71606B52}.Release|x64.ActiveCfg = Release|x64
		{F72661FC-251F-FE23-0D03-AAEF71606B52}.Release|x64.Build.0 = Release|x64
		{F72661FC-251F-FE23-0D03-AAEF71606B52}.Debug|Win32.ActiveCfg = Debug|Win32
		{F72661FC-251F-FE23-0D03-AAEF71606B52}.Debug|Win32.Build.0 = Debug|Win32
		{F72661FC-251F-FE23-0D03-AAEF71606B52}.Debug|x64.ActiveCfg = Debug|x64
		{F72661FC-251F-FE23-0D03-AAEF71606B52}.Debug|x64.Build.0 = Debug|x64
		{F72661FC-251F-FE23-0D03-AAEF71606B52}.Release|Win32.ActiveCfg = Release|Win32
		{F72661FC-251F-FE23-0D03-AAEF71606B52}.Release|Win32.Build.0 = Release|Win32
		{FA81B199-CBA9-3135-EAE0-574213CD8359}.Release|x64.ActiveCfg = Release|x64
		{FA81B199-CBA9-3135-EAE0-574213CD8359}.Release|x64.Build.0 = Release|x64
		{FA81B199-CBA9-3135-EAE0-574213CD8359}.Debug|Win32.ActiveCfg = Debug|Win32
		{FA81B199-CBA9-3135-EAE0-574213CD8359}.Debug|Win32.Build.0 = Debug|Win32
		{FA81B199-CBA9-3135-EAE0-574213CD8359}.Debug|x64.ActiveCfg = Debug|x64
		{FA81B199-CBA9-3135-EAE0-574213CD8359}.Debug|x64.Build.0 = Debug|x64
		{FA81B199-CBA9-3135-EAE0-574213CD8359}.Release|Win32.ActiveCfg = Release|Win32
		{FA81B199-CBA9-3135-EAE0-574213CD8359}.Release|Win32.Build.0 = Release|Win32
		{FF395886-204A-4C0C-6C2A-D09E80EB811A}.Release|x64.ActiveCfg = Release|x64
		{FF395886-204A-4C0C-6C2A-D09E80EB811A}.Release|x64.Build.0 = Release|x64
		{FF395886-204A-4C0C-6C2A-D09E80EB811A}.Debug|Win32.ActiveCfg = Debug|Win32
		{FF395886-204A-4C0C-6C2A-D09E80EB811A}.Debug|Win32.Build.0 = Debug|Win32
		{FF395886-204A-4C0C-6C2A-D09E80EB811A}.Debug|x64.ActiveCfg = Debug|x64
		{FF395886-204A-4C0C-6C2A-D09E80EB811A}.Debug|x64.Build.0 = Debug|x64
		{FF395886-204A-4C0C-6C2A-D09E80EB811A}.Release|Win32.ActiveCfg = Release|Win32
		{FF395886-204A-4C0C-6C2A-D09E80EB811A}.Release|Win32.Build.0 = Release|Win32
	EndGlobalSection
	GlobalSection(SolutionProperties) = preSolution
		HideSolutionNode = FALSE
	EndGlobalSection
	GlobalSection(NestedProjects) = preSolution
		{7D1F1355-E02E-9573-5185-AFD30F7210BE} = {7C6CDB29-38D7-8364-748C-AEAAD8CCFB36}
		{6DF197C9-D783-42ED-E872-6618EF9F46AE} = {6478B9F3-4858-63F4-35F4-98A303E305F3}
		{6478B9F3-4858-63F4-35F4-98A303E305F3} = {9785FB75-982A-5DE3-252D-3F288B9FEF5B}
		{3E7FA5AF-27B3-2DE0-883C-12F98E7F4E81} = {9785FB75-982A-5DE3-252D-3F288B9FEF5B}
		{7F4C2508-793C-AB90-0D98-070E7E2EC135} = {9785FB75-982A-5DE3-252D-3F288B9FEF5B}
		{78CEF408-5CDC-6A4A-9744-550C99E03B5C} = {9785FB75-982A-5DE3-252D-3F288B9FEF5B}
		{5AE42583-0C83-0D80-C5D0-10CCB623A466} = {9785FB75-982A-5DE3-252D-3F288B9FEF5B}
		{1DDDEFE0-7436-E305-6B45-11F73132E5E5} = {2DE59335-96CE-10CA-CDE5-FEC35E3549BB}
		{442DE29E-C8EE-3658-1F1A-C70AD8F380C5} = {2DE59335-96CE-10CA-CDE5-FEC35E3549BB}
		{D9EBDA44-6298-3F6F-924B-FA512F507DC2} = {2DE59335-96CE-10CA-CDE5-FEC35E3549BB}
		{59AE9B49-7D3A-B829-BD9D-B35923734432} = {A9EB8559-7015-13E0-0462-D9901FC693FD}
		{5A566D8E-9FAB-ED62-0C7C-BD22FF9AF8A2} = {96A8EC63-88DB-B85C-EEBC-43667C60DEB3}
		{F72661FC-251F-FE23-0D03-AAEF71606B52} = {96A8EC63-88DB-B85C-EEBC-43667C60DEB3}
		{4ACA5BD9-22EC-959B-BC23-06B1BDE62E82} = {96A8EC63-88DB-B85C-EEBC-43667C60DEB3}
		{75FA0B02-EA04-9B54-4B03-856D70045A91} = {91989827-5B0C-52D9-1FE9-9553D672A5E7}
		{FA81B199-CBA9-3135-EAE0-574213CD8359} = {CD014008-1CDB-809B-D770-C67A261539F7}
		{7B405598-69E1-09C8-068E-80BDBF4A94C5} = {CD014008-1CDB-809B-D770-C67A261539F7}
		{16CE2B79-71D5-4482-153A-829C9B4A5EE0} = {CD014008-1CDB-809B-D770-C67A261539F7}
		{45874736-6F8E-F046-12AB-F59040F962C3} = {7D1F1355-E02E-9573-5185-AFD30F7210BE}
		{988BE51E-AE2E-1909-C1F3-4E5C19FA3AF0} = {5B17195B-58DF-4533-4FE7-D2747913694E}
		{FF395886-204A-4C0C-6C2A-D09E80EB811A} = {5B17195B-58DF-4533-4FE7-D2747913694E}
		{DEAA02E6-C07D-5E81-7CE0-320FCF6D6EF8} = {5B17195B-58DF-4533-4FE7-D2747913694E}
		{4877B9F7-C2C6-1D0C-7360-A8448FB1EBC7} = {5B17195B-58DF-4533-4FE7-D2747913694E}
		{725197D9-B6FA-A87F-3149-DA782653065A} = {5B17195B-58DF-4533-4FE7-D2747913694E}
		{E17E4EC3-DE57-DB90-C77F-B6AF988317AD} = {5B17195B-58DF-4533-4FE7-D2747913694E}
		{60CC28BF-D0BC-3468-9D02-3AF1D15F1CA2} = {EAC80D00-01D2-3F49-A377-20B7154947F3}
		{4F31B154-F497-7675-6850-86F10FD42576} = {3E7FA5AF-27B3-2DE0-883C-12F98E7F4E81}
		{91989827-5B0C-52D9-1FE9-9553D672A5E7} = {5A566D8E-9FAB-ED62-0C7C-BD22FF9AF8A2}
		{7C6CDB29-38D7-8364-748C-AEAAD8CCFB36} = {89C816A7-DD31-D54C-C69C-5A80E0C49B77}
		{2DE59335-96CE-10CA-CDE5-FEC35E3549BB} = {89C816A7-DD31-D54C-C69C-5A80E0C49B77}
		{A9EB8559-7015-13E0-0462-D9901FC693FD} = {89C816A7-DD31-D54C-C69C-5A80E0C49B77}
		{CD014008-1CDB-809B-D770-C67A261539F7} = {89C816A7-DD31-D54C-C69C-5A80E0C49B77}
		{8451C0A0-B2C0-BB15-D7AF-1ECC6392D5DD} = {89C816A7-DD31-D54C-C69C-5A80E0C49B77}
		{773C1870-7481-DCF6-0372-30037D82E6DA} = {89C816A7-DD31-D54C-C69C-5A80E0C49B77}
		{8ED59A1C-88A9-CA12-0A41-F33259CE1D1B} = {89C816A7-DD31-D54C-C69C-5A80E0C49B77}
		{91974272-C716-5481-DCB5-BEE679DCAB0D} = {89C816A7-DD31-D54C-C69C-5A80E0C49B77}
		{E2F5B63A-1E61-3D6B-0108-5808AA2C11D3} = {89C816A7-DD31-D54C-C69C-5A80E0C49B77}
		{75AAA51A-48F8-64FA-ADA9-3C57325F7E8D} = {0078455D-77D3-142E-F1F4-B78FB0A8B454}
		{AEFFDC9F-61F9-C7AC-BB02-B8C330AE61C8} = {644B7826-0417-C19E-B1ED-C0BF73289DEE}
		{657945B9-6AB4-354F-326C-E70F92FEDA88} = {ABEA8C02-AF45-C0B0-B874-B7CA283C10FB}
	EndGlobalSection
EndGlobal
