Microsoft Visual Studio Solution File, Format Version 11.00
# Visual Studio 2010
Project("{2150E333-8FDC-42A3-9474-1A3956D46DE8}") = "(allocator)", "..\..\..\..\base\allocator", "{6478B9F3-4858-63F4-35F4-98A303E305F3}"
EndProject
Project("{2150E333-8FDC-42A3-9474-1A3956D46DE8}") = "(base)", "..\..\..\..\base", "{9785FB75-982A-5DE3-252D-3F288B9FEF5B}"
EndProject
Project("{2150E333-8FDC-42A3-9474-1A3956D46DE8}") = "(json_schema_compiler)", "..\..\..\..\tools\json_schema_compiler", "{9ADC2FB2-7E50-027A-1260-F7AD93BA9976}"
EndProject
Project("{2150E333-8FDC-42A3-9474-1A3956D46DE8}") = "(test)", "..\..\..\..\tools\json_schema_compiler\test", "{E89F2CDD-53DE-8752-1E47-C9D5B72F04D5}"
EndProject
Project("{2150E333-8FDC-42A3-9474-1A3956D46DE8}") = "(testing)", "..\..\..\..\testing", "{EAC80D00-01D2-3F49-A377-20B7154947F3}"
EndProject
Project("{2150E333-8FDC-42A3-9474-1A3956D46DE8}") = "(third_party)", "..\..\..\..\base\third_party", "{3E7FA5AF-27B3-2DE0-883C-12F98E7F4E81}"
EndProject
Project("{2150E333-8FDC-42A3-9474-1A3956D46DE8}") = "(third_party)", "..\..\..\..\third_party", "{89C816A7-DD31-D54C-C69C-5A80E0C49B77}"
EndProject
Project("{2150E333-8FDC-42A3-9474-1A3956D46DE8}") = "(tools)", "..\..\..\..\tools", "{0078455D-77D3-142E-F1F4-B78FB0A8B454}"
EndProject
Project("{8BC9CEB8-8B4A-11D0-8D11-00A0C91BC942}") = "allocator_extension_thunks", "..\..\..\base\allocator\allocator_extension_thunks.vcxproj", "{6DF197C9-D783-42ED-E872-6618EF9F46AE}"
EndProject
Project("{8BC9CEB8-8B4A-11D0-8D11-00A0C91BC942}") = "api_gen_util", "..\api_gen_util.vcxproj", "{06E1E02D-C375-8055-EC0B-2EBEB711DF2E}"
EndProject
Project("{8BC9CEB8-8B4A-11D0-8D11-00A0C91BC942}") = "base", "..\..\..\base\base.vcxproj", "{7F4C2508-793C-AB90-0D98-070E7E2EC135}"
	ProjectSection(ProjectDependencies) = postProject
		{60CC28BF-D0BC-3468-9D02-3AF1D15F1CA2} = {60CC28BF-D0BC-3468-9D02-3AF1D15F1CA2}
	EndProjectSection
EndProject
Project("{8BC9CEB8-8B4A-11D0-8D11-00A0C91BC942}") = "base_static", "..\..\..\base\base_static.vcxproj", "{5AE42583-0C83-0D80-C5D0-10CCB623A466}"
EndProject
Project("{8BC9CEB8-8B4A-11D0-8D11-00A0C91BC942}") = "dynamic_annotations", "..\..\..\base\third_party\dynamic_annotations\dynamic_annotations.vcxproj", "{4F31B154-F497-7675-6850-86F10FD42576}"
EndProject
Project("{8BC9CEB8-8B4A-11D0-8D11-00A0C91BC942}") = "gtest_prod", "..\..\..\testing\gtest_prod.vcxproj", "{60CC28BF-D0BC-3468-9D02-3AF1D15F1CA2}"
EndProject
Project("{8BC9CEB8-8B4A-11D0-8D11-00A0C91BC942}") = "json_schema_compiler_tests", "json_schema_compiler_tests.vcxproj", "{AEAF1A6A-56CF-3181-B66D-02D513158D5C}"
EndProject
Project("{8BC9CEB8-8B4A-11D0-8D11-00A0C91BC942}") = "modp_b64", "..\..\..\third_party\modp_b64\modp_b64.vcxproj", "{773C1870-7481-DCF6-0372-30037D82E6DA}"
EndProject
Global
	GlobalSection(SolutionConfigurationPlatforms) = preSolution
		Release|x64 = Release|x64
		Debug|Win32 = Debug|Win32
		Debug|x64 = Debug|x64
		Release|Win32 = Release|Win32
	EndGlobalSection
	GlobalSection(ProjectConfigurationPlatforms) = postSolution
		{06E1E02D-C375-8055-EC0B-2EBEB711DF2E}.Release|x64.ActiveCfg = Release|x64
		{06E1E02D-C375-8055-EC0B-2EBEB711DF2E}.Release|x64.Build.0 = Release|x64
		{06E1E02D-C375-8055-EC0B-2EBEB711DF2E}.Debug|Win32.ActiveCfg = Debug|Win32
		{06E1E02D-C375-8055-EC0B-2EBEB711DF2E}.Debug|Win32.Build.0 = Debug|Win32
		{06E1E02D-C375-8055-EC0B-2EBEB711DF2E}.Debug|x64.ActiveCfg = Debug|x64
		{06E1E02D-C375-8055-EC0B-2EBEB711DF2E}.Debug|x64.Build.0 = Debug|x64
		{06E1E02D-C375-8055-EC0B-2EBEB711DF2E}.Release|Win32.ActiveCfg = Release|Win32
		{06E1E02D-C375-8055-EC0B-2EBEB711DF2E}.Release|Win32.Build.0 = Release|Win32
		{4F31B154-F497-7675-6850-86F10FD42576}.Release|x64.ActiveCfg = Release|x64
		{4F31B154-F497-7675-6850-86F10FD42576}.Release|x64.Build.0 = Release|x64
		{4F31B154-F497-7675-6850-86F10FD42576}.Debug|Win32.ActiveCfg = Debug|Win32
		{4F31B154-F497-7675-6850-86F10FD42576}.Debug|Win32.Build.0 = Debug|Win32
		{4F31B154-F497-7675-6850-86F10FD42576}.Debug|x64.ActiveCfg = Debug|x64
		{4F31B154-F497-7675-6850-86F10FD42576}.Debug|x64.Build.0 = Debug|x64
		{4F31B154-F497-7675-6850-86F10FD42576}.Release|Win32.ActiveCfg = Release|Win32
		{4F31B154-F497-7675-6850-86F10FD42576}.Release|Win32.Build.0 = Release|Win32
		{5AE42583-0C83-0D80-C5D0-10CCB623A466}.Release|x64.ActiveCfg = Release|x64
		{5AE42583-0C83-0D80-C5D0-10CCB623A466}.Release|x64.Build.0 = Release|x64
		{5AE42583-0C83-0D80-C5D0-10CCB623A466}.Debug|Win32.ActiveCfg = Debug|Win32
		{5AE42583-0C83-0D80-C5D0-10CCB623A466}.Debug|Win32.Build.0 = Debug|Win32
		{5AE42583-0C83-0D80-C5D0-10CCB623A466}.Debug|x64.ActiveCfg = Debug|x64
		{5AE42583-0C83-0D80-C5D0-10CCB623A466}.Debug|x64.Build.0 = Debug|x64
		{5AE42583-0C83-0D80-C5D0-10CCB623A466}.Release|Win32.ActiveCfg = Release|Win32
		{5AE42583-0C83-0D80-C5D0-10CCB623A466}.Release|Win32.Build.0 = Release|Win32
		{60CC28BF-D0BC-3468-9D02-3AF1D15F1CA2}.Release|x64.ActiveCfg = Release|x64
		{60CC28BF-D0BC-3468-9D02-3AF1D15F1CA2}.Release|x64.Build.0 = Release|x64
		{60CC28BF-D0BC-3468-9D02-3AF1D15F1CA2}.Debug|Win32.ActiveCfg = Debug|Win32
		{60CC28BF-D0BC-3468-9D02-3AF1D15F1CA2}.Debug|Win32.Build.0 = Debug|Win32
		{60CC28BF-D0BC-3468-9D02-3AF1D15F1CA2}.Debug|x64.ActiveCfg = Debug|x64
		{60CC28BF-D0BC-3468-9D02-3AF1D15F1CA2}.Debug|x64.Build.0 = Debug|x64
		{60CC28BF-D0BC-3468-9D02-3AF1D15F1CA2}.Release|Win32.ActiveCfg = Release|Win32
		{60CC28BF-D0BC-3468-9D02-3AF1D15F1CA2}.Release|Win32.Build.0 = Release|Win32
		{6DF197C9-D783-42ED-E872-6618EF9F46AE}.Release|x64.ActiveCfg = Release|x64
		{6DF197C9-D783-42ED-E872-6618EF9F46AE}.Release|x64.Build.0 = Release|x64
		{6DF197C9-D783-42ED-E872-6618EF9F46AE}.Debug|Win32.ActiveCfg = Debug|Win32
		{6DF197C9-D783-42ED-E872-6618EF9F46AE}.Debug|Win32.Build.0 = Debug|Win32
		{6DF197C9-D783-42ED-E872-6618EF9F46AE}.Debug|x64.ActiveCfg = Debug|x64
		{6DF197C9-D783-42ED-E872-6618EF9F46AE}.Debug|x64.Build.0 = Debug|x64
		{6DF197C9-D783-42ED-E872-6618EF9F46AE}.Release|Win32.ActiveCfg = Release|Win32
		{6DF197C9-D783-42ED-E872-6618EF9F46AE}.Release|Win32.Build.0 = Release|Win32
		{773C1870-7481-DCF6-0372-30037D82E6DA}.Release|x64.ActiveCfg = Release|x64
		{773C1870-7481-DCF6-0372-30037D82E6DA}.Release|x64.Build.0 = Release|x64
		{773C1870-7481-DCF6-0372-30037D82E6DA}.Debug|Win32.ActiveCfg = Debug|Win32
		{773C1870-7481-DCF6-0372-30037D82E6DA}.Debug|Win32.Build.0 = Debug|Win32
		{773C1870-7481-DCF6-0372-30037D82E6DA}.Debug|x64.ActiveCfg = Debug|x64
		{773C1870-7481-DCF6-0372-30037D82E6DA}.Debug|x64.Build.0 = Debug|x64
		{773C1870-7481-DCF6-0372-30037D82E6DA}.Release|Win32.ActiveCfg = Release|Win32
		{773C1870-7481-DCF6-0372-30037D82E6DA}.Release|Win32.Build.0 = Release|Win32
		{7F4C2508-793C-AB90-0D98-070E7E2EC135}.Release|x64.ActiveCfg = Release|x64
		{7F4C2508-793C-AB90-0D98-070E7E2EC135}.Release|x64.Build.0 = Release|x64
		{7F4C2508-793C-AB90-0D98-070E7E2EC135}.Debug|Win32.ActiveCfg = Debug|Win32
		{7F4C2508-793C-AB90-0D98-070E7E2EC135}.Debug|Win32.Build.0 = Debug|Win32
		{7F4C2508-793C-AB90-0D98-070E7E2EC135}.Debug|x64.ActiveCfg = Debug|x64
		{7F4C2508-793C-AB90-0D98-070E7E2EC135}.Debug|x64.Build.0 = Debug|x64
		{7F4C2508-793C-AB90-0D98-070E7E2EC135}.Release|Win32.ActiveCfg = Release|Win32
		{7F4C2508-793C-AB90-0D98-070E7E2EC135}.Release|Win32.Build.0 = Release|Win32
		{AEAF1A6A-56CF-3181-B66D-02D513158D5C}.Release|x64.ActiveCfg = Release|x64
		{AEAF1A6A-56CF-3181-B66D-02D513158D5C}.Release|x64.Build.0 = Release|x64
		{AEAF1A6A-56CF-3181-B66D-02D513158D5C}.Debug|Win32.ActiveCfg = Debug|Win32
		{AEAF1A6A-56CF-3181-B66D-02D513158D5C}.Debug|Win32.Build.0 = Debug|Win32
		{AEAF1A6A-56CF-3181-B66D-02D513158D5C}.Debug|x64.ActiveCfg = Debug|x64
		{AEAF1A6A-56CF-3181-B66D-02D513158D5C}.Debug|x64.Build.0 = Debug|x64
		{AEAF1A6A-56CF-3181-B66D-02D513158D5C}.Release|Win32.ActiveCfg = Release|Win32
		{AEAF1A6A-56CF-3181-B66D-02D513158D5C}.Release|Win32.Build.0 = Release|Win32
	EndGlobalSection
	GlobalSection(SolutionProperties) = preSolution
		HideSolutionNode = FALSE
	EndGlobalSection
	GlobalSection(NestedProjects) = preSolution
		{6DF197C9-D783-42ED-E872-6618EF9F46AE} = {6478B9F3-4858-63F4-35F4-98A303E305F3}
		{6478B9F3-4858-63F4-35F4-98A303E305F3} = {9785FB75-982A-5DE3-252D-3F288B9FEF5B}
		{3E7FA5AF-27B3-2DE0-883C-12F98E7F4E81} = {9785FB75-982A-5DE3-252D-3F288B9FEF5B}
		{7F4C2508-793C-AB90-0D98-070E7E2EC135} = {9785FB75-982A-5DE3-252D-3F288B9FEF5B}
		{5AE42583-0C83-0D80-C5D0-10CCB623A466} = {9785FB75-982A-5DE3-252D-3F288B9FEF5B}
		{E89F2CDD-53DE-8752-1E47-C9D5B72F04D5} = {9ADC2FB2-7E50-027A-1260-F7AD93BA9976}
		{06E1E02D-C375-8055-EC0B-2EBEB711DF2E} = {9ADC2FB2-7E50-027A-1260-F7AD93BA9976}
		{AEAF1A6A-56CF-3181-B66D-02D513158D5C} = {E89F2CDD-53DE-8752-1E47-C9D5B72F04D5}
		{60CC28BF-D0BC-3468-9D02-3AF1D15F1CA2} = {EAC80D00-01D2-3F49-A377-20B7154947F3}
		{4F31B154-F497-7675-6850-86F10FD42576} = {3E7FA5AF-27B3-2DE0-883C-12F98E7F4E81}
		{773C1870-7481-DCF6-0372-30037D82E6DA} = {89C816A7-DD31-D54C-C69C-5A80E0C49B77}
		{9ADC2FB2-7E50-027A-1260-F7AD93BA9976} = {0078455D-77D3-142E-F1F4-B78FB0A8B454}
	EndGlobalSection
EndGlobal
