Microsoft Visual Studio Solution File, Format Version 11.00
# Visual Studio 2010
Project("{2150E333-8FDC-42A3-9474-1A3956D46DE8}") = "(allocator)", "..\..\..\base\allocator", "{6478B9F3-4858-63F4-35F4-98A303E305F3}"
EndProject
Project("{2150E333-8FDC-42A3-9474-1A3956D46DE8}") = "(base)", "..\..\..\base", "{9785FB75-982A-5DE3-252D-3F288B9FEF5B}"
EndProject
Project("{2150E333-8FDC-42A3-9474-1A3956D46DE8}") = "(gn)", "..\..\..\tools\gn", "{459D39DC-9C17-0151-9D7D-65080CF806CC}"
EndProject
Project("{2150E333-8FDC-42A3-9474-1A3956D46DE8}") = "(icu)", "..\..\..\third_party\icu", "{2DE59335-96CE-10CA-CDE5-FEC35E3549BB}"
EndProject
Project("{2150E333-8FDC-42A3-9474-1A3956D46DE8}") = "(testing)", "..\..\..\testing", "{EAC80D00-01D2-3F49-A377-20B7154947F3}"
EndProject
Project("{2150E333-8FDC-42A3-9474-1A3956D46DE8}") = "(third_party)", "..\..\..\base\third_party", "{3E7FA5AF-27B3-2DE0-883C-12F98E7F4E81}"
EndProject
Project("{2150E333-8FDC-42A3-9474-1A3956D46DE8}") = "(third_party)", "..\..\..\third_party", "{89C816A7-DD31-D54C-C69C-5A80E0C49B77}"
EndProject
Project("{2150E333-8FDC-42A3-9474-1A3956D46DE8}") = "(tools)", "..\..\..\tools", "{0078455D-77D3-142E-F1F4-B78FB0A8B454}"
EndProject
Project("{8BC9CEB8-8B4A-11D0-8D11-00A0C91BC942}") = "allocator_extension_thunks", "..\..\base\allocator\allocator_extension_thunks.vcxproj", "{6DF197C9-D783-42ED-E872-6618EF9F46AE}"
EndProject
Project("{8BC9CEB8-8B4A-11D0-8D11-00A0C91BC942}") = "base", "..\..\base\base.vcxproj", "{7F4C2508-793C-AB90-0D98-070E7E2EC135}"
	ProjectSection(ProjectDependencies) = postProject
		{60CC28BF-D0BC-3468-9D02-3AF1D15F1CA2} = {60CC28BF-D0BC-3468-9D02-3AF1D15F1CA2}
	EndProjectSection
EndProject
Project("{8BC9CEB8-8B4A-11D0-8D11-00A0C91BC942}") = "base_i18n", "..\..\base\base_i18n.vcxproj", "{78CEF408-5CDC-6A4A-9744-550C99E03B5C}"
EndProject
Project("{8BC9CEB8-8B4A-11D0-8D11-00A0C91BC942}") = "base_static", "..\..\base\base_static.vcxproj", "{5AE42583-0C83-0D80-C5D0-10CCB623A466}"
EndProject
Project("{8BC9CEB8-8B4A-11D0-8D11-00A0C91BC942}") = "dynamic_annotations", "..\..\base\third_party\dynamic_annotations\dynamic_annotations.vcxproj", "{4F31B154-F497-7675-6850-86F10FD42576}"
EndProject
Project("{8BC9CEB8-8B4A-11D0-8D11-00A0C91BC942}") = "generate_test_gn_data", "generate_test_gn_data.vcxproj", "{11DBE2B0-4A02-3A06-6E27-046948C17E6E}"
	ProjectSection(ProjectDependencies) = postProject
		{7F4C2508-793C-AB90-0D98-070E7E2EC135} = {7F4C2508-793C-AB90-0D98-070E7E2EC135}
		{5AE42583-0C83-0D80-C5D0-10CCB623A466} = {5AE42583-0C83-0D80-C5D0-10CCB623A466}
		{6DF197C9-D783-42ED-E872-6618EF9F46AE} = {6DF197C9-D783-42ED-E872-6618EF9F46AE}
		{60CC28BF-D0BC-3468-9D02-3AF1D15F1CA2} = {60CC28BF-D0BC-3468-9D02-3AF1D15F1CA2}
		{773C1870-7481-DCF6-0372-30037D82E6DA} = {773C1870-7481-DCF6-0372-30037D82E6DA}
		{4F31B154-F497-7675-6850-86F10FD42576} = {4F31B154-F497-7675-6850-86F10FD42576}
	EndProjectSection
EndProject
Project("{8BC9CEB8-8B4A-11D0-8D11-00A0C91BC942}") = "gmock", "..\..\testing\gmock.vcxproj", "{EB2E5F0F-7595-CCD0-3E46-B09895781934}"
EndProject
Project("{8BC9CEB8-8B4A-11D0-8D11-00A0C91BC942}") = "gn", "gn.vcxproj", "{1D85449B-231F-13F6-5D84-6A0F02AAB4E1}"
	ProjectSection(ProjectDependencies) = postProject
		{011B29C5-F56F-40E2-D846-FC20A8ED9FBD} = {011B29C5-F56F-40E2-D846-FC20A8ED9FBD}
		{7F4C2508-793C-AB90-0D98-070E7E2EC135} = {7F4C2508-793C-AB90-0D98-070E7E2EC135}
		{4F31B154-F497-7675-6850-86F10FD42576} = {4F31B154-F497-7675-6850-86F10FD42576}
		{5AE42583-0C83-0D80-C5D0-10CCB623A466} = {5AE42583-0C83-0D80-C5D0-10CCB623A466}
		{6DF197C9-D783-42ED-E872-6618EF9F46AE} = {6DF197C9-D783-42ED-E872-6618EF9F46AE}
		{60CC28BF-D0BC-3468-9D02-3AF1D15F1CA2} = {60CC28BF-D0BC-3468-9D02-3AF1D15F1CA2}
		{773C1870-7481-DCF6-0372-30037D82E6DA} = {773C1870-7481-DCF6-0372-30037D82E6DA}
	EndProjectSection
EndProject
Project("{8BC9CEB8-8B4A-11D0-8D11-00A0C91BC942}") = "gn_lib", "gn_lib.vcxproj", "{011B29C5-F56F-40E2-D846-FC20A8ED9FBD}"
EndProject
Project("{8BC9CEB8-8B4A-11D0-8D11-00A0C91BC942}") = "gn_unittests", "gn_unittests.vcxproj", "{947B77AC-C4CA-1C38-05CD-64E9A045FAFD}"
	ProjectSection(ProjectDependencies) = postProject
		{011B29C5-F56F-40E2-D846-FC20A8ED9FBD} = {011B29C5-F56F-40E2-D846-FC20A8ED9FBD}
		{0E6C1B26-4EBA-C09F-BE40-1571603942AE} = {0E6C1B26-4EBA-C09F-BE40-1571603942AE}
		{15074A53-2744-FD18-8FD6-D4C198240AA3} = {15074A53-2744-FD18-8FD6-D4C198240AA3}
		{D1198552-7315-DABF-1A12-C93DF1DC6034} = {D1198552-7315-DABF-1A12-C93DF1DC6034}
		{7F4C2508-793C-AB90-0D98-070E7E2EC135} = {7F4C2508-793C-AB90-0D98-070E7E2EC135}
		{5AE42583-0C83-0D80-C5D0-10CCB623A466} = {5AE42583-0C83-0D80-C5D0-10CCB623A466}
		{6DF197C9-D783-42ED-E872-6618EF9F46AE} = {6DF197C9-D783-42ED-E872-6618EF9F46AE}
		{60CC28BF-D0BC-3468-9D02-3AF1D15F1CA2} = {60CC28BF-D0BC-3468-9D02-3AF1D15F1CA2}
		{773C1870-7481-DCF6-0372-30037D82E6DA} = {773C1870-7481-DCF6-0372-30037D82E6DA}
		{4F31B154-F497-7675-6850-86F10FD42576} = {4F31B154-F497-7675-6850-86F10FD42576}
		{78CEF408-5CDC-6A4A-9744-550C99E03B5C} = {78CEF408-5CDC-6A4A-9744-550C99E03B5C}
		{442DE29E-C8EE-3658-1F1A-C70AD8F380C5} = {442DE29E-C8EE-3658-1F1A-C70AD8F380C5}
		{D9EBDA44-6298-3F6F-924B-FA512F507DC2} = {D9EBDA44-6298-3F6F-924B-FA512F507DC2}
		{1DDDEFE0-7436-E305-6B45-11F73132E5E5} = {1DDDEFE0-7436-E305-6B45-11F73132E5E5}
		{EB2E5F0F-7595-CCD0-3E46-B09895781934} = {EB2E5F0F-7595-CCD0-3E46-B09895781934}
		{51ACD89B-7CAF-252F-4AF5-521323B1D6B1} = {51ACD89B-7CAF-252F-4AF5-521323B1D6B1}
		{E2F5B63A-1E61-3D6B-0108-5808AA2C11D3} = {E2F5B63A-1E61-3D6B-0108-5808AA2C11D3}
	EndProjectSection
EndProject
Project("{8BC9CEB8-8B4A-11D0-8D11-00A0C91BC942}") = "gtest", "..\..\testing\gtest.vcxproj", "{D1198552-7315-DABF-1A12-C93DF1DC6034}"
	ProjectSection(ProjectDependencies) = postProject
		{60CC28BF-D0BC-3468-9D02-3AF1D15F1CA2} = {60CC28BF-D0BC-3468-9D02-3AF1D15F1CA2}
	EndProjectSection
EndProject
Project("{8BC9CEB8-8B4A-11D0-8D11-00A0C91BC942}") = "gtest_prod", "..\..\testing\gtest_prod.vcxproj", "{60CC28BF-D0BC-3468-9D02-3AF1D15F1CA2}"
EndProject
Project("{8BC9CEB8-8B4A-11D0-8D11-00A0C91BC942}") = "icudata", "..\..\third_party\icu\icudata.vcxproj", "{1DDDEFE0-7436-E305-6B45-11F73132E5E5}"
EndProject
Project("{8BC9CEB8-8B4A-11D0-8D11-00A0C91BC942}") = "icui18n", "..\..\third_party\icu\icui18n.vcxproj", "{442DE29E-C8EE-3658-1F1A-C70AD8F380C5}"
EndProject
Project("{8BC9CEB8-8B4A-11D0-8D11-00A0C91BC942}") = "icuuc", "..\..\third_party\icu\icuuc.vcxproj", "{D9EBDA44-6298-3F6F-924B-FA512F507DC2}"
	ProjectSection(ProjectDependencies) = postProject
		{1DDDEFE0-7436-E305-6B45-11F73132E5E5} = {1DDDEFE0-7436-E305-6B45-11F73132E5E5}
	EndProjectSection
EndProject
Project("{8BC9CEB8-8B4A-11D0-8D11-00A0C91BC942}") = "libxml", "..\..\third_party\libxml\libxml.vcxproj", "{51ACD89B-7CAF-252F-4AF5-521323B1D6B1}"
EndProject
Project("{8BC9CEB8-8B4A-11D0-8D11-00A0C91BC942}") = "modp_b64", "..\..\third_party\modp_b64\modp_b64.vcxproj", "{773C1870-7481-DCF6-0372-30037D82E6DA}"
EndProject
Project("{8BC9CEB8-8B4A-11D0-8D11-00A0C91BC942}") = "run_all_unittests", "..\..\base\run_all_unittests.vcxproj", "{0E6C1B26-4EBA-C09F-BE40-1571603942AE}"
EndProject
Project("{8BC9CEB8-8B4A-11D0-8D11-00A0C91BC942}") = "test_support_base", "..\..\base\test_support_base.vcxproj", "{15074A53-2744-FD18-8FD6-D4C198240AA3}"
EndProject
Project("{8BC9CEB8-8B4A-11D0-8D11-00A0C91BC942}") = "zlib", "..\..\third_party\zlib\zlib.vcxproj", "{E2F5B63A-1E61-3D6B-0108-5808AA2C11D3}"
EndProject
Global
	GlobalSection(SolutionConfigurationPlatforms) = preSolution
		Release|x64 = Release|x64
		Debug|Win32 = Debug|Win32
		Debug|x64 = Debug|x64
		Release|Win32 = Release|Win32
	EndGlobalSection
	GlobalSection(ProjectConfigurationPlatforms) = postSolution
		{011B29C5-F56F-40E2-D846-FC20A8ED9FBD}.Release|x64.ActiveCfg = Release|x64
		{011B29C5-F56F-40E2-D846-FC20A8ED9FBD}.Release|x64.Build.0 = Release|x64
		{011B29C5-F56F-40E2-D846-FC20A8ED9FBD}.Debug|Win32.ActiveCfg = Debug|Win32
		{011B29C5-F56F-40E2-D846-FC20A8ED9FBD}.Debug|Win32.Build.0 = Debug|Win32
		{011B29C5-F56F-40E2-D846-FC20A8ED9FBD}.Debug|x64.ActiveCfg = Debug|x64
		{011B29C5-F56F-40E2-D846-FC20A8ED9FBD}.Debug|x64.Build.0 = Debug|x64
		{011B29C5-F56F-40E2-D846-FC20A8ED9FBD}.Release|Win32.ActiveCfg = Release|Win32
		{011B29C5-F56F-40E2-D846-FC20A8ED9FBD}.Release|Win32.Build.0 = Release|Win32
		{0E6C1B26-4EBA-C09F-BE40-1571603942AE}.Release|x64.ActiveCfg = Release|x64
		{0E6C1B26-4EBA-C09F-BE40-1571603942AE}.Release|x64.Build.0 = Release|x64
		{0E6C1B26-4EBA-C09F-BE40-1571603942AE}.Debug|Win32.ActiveCfg = Debug|Win32
		{0E6C1B26-4EBA-C09F-BE40-1571603942AE}.Debug|Win32.Build.0 = Debug|Win32
		{0E6C1B26-4EBA-C09F-BE40-1571603942AE}.Debug|x64.ActiveCfg = Debug|x64
		{0E6C1B26-4EBA-C09F-BE40-1571603942AE}.Debug|x64.Build.0 = Debug|x64
		{0E6C1B26-4EBA-C09F-BE40-1571603942AE}.Release|Win32.ActiveCfg = Release|Win32
		{0E6C1B26-4EBA-C09F-BE40-1571603942AE}.Release|Win32.Build.0 = Release|Win32
		{11DBE2B0-4A02-3A06-6E27-046948C17E6E}.Release|x64.ActiveCfg = Release|x64
		{11DBE2B0-4A02-3A06-6E27-046948C17E6E}.Release|x64.Build.0 = Release|x64
		{11DBE2B0-4A02-3A06-6E27-046948C17E6E}.Debug|Win32.ActiveCfg = Debug|Win32
		{11DBE2B0-4A02-3A06-6E27-046948C17E6E}.Debug|Win32.Build.0 = Debug|Win32
		{11DBE2B0-4A02-3A06-6E27-046948C17E6E}.Debug|x64.ActiveCfg = Debug|x64
		{11DBE2B0-4A02-3A06-6E27-046948C17E6E}.Debug|x64.Build.0 = Debug|x64
		{11DBE2B0-4A02-3A06-6E27-046948C17E6E}.Release|Win32.ActiveCfg = Release|Win32
		{11DBE2B0-4A02-3A06-6E27-046948C17E6E}.Release|Win32.Build.0 = Release|Win32
		{15074A53-2744-FD18-8FD6-D4C198240AA3}.Release|x64.ActiveCfg = Release|x64
		{15074A53-2744-FD18-8FD6-D4C198240AA3}.Release|x64.Build.0 = Release|x64
		{15074A53-2744-FD18-8FD6-D4C198240AA3}.Debug|Win32.ActiveCfg = Debug|Win32
		{15074A53-2744-FD18-8FD6-D4C198240AA3}.Debug|Win32.Build.0 = Debug|Win32
		{15074A53-2744-FD18-8FD6-D4C198240AA3}.Debug|x64.ActiveCfg = Debug|x64
		{15074A53-2744-FD18-8FD6-D4C198240AA3}.Debug|x64.Build.0 = Debug|x64
		{15074A53-2744-FD18-8FD6-D4C198240AA3}.Release|Win32.ActiveCfg = Release|Win32
		{15074A53-2744-FD18-8FD6-D4C198240AA3}.Release|Win32.Build.0 = Release|Win32
		{1D85449B-231F-13F6-5D84-6A0F02AAB4E1}.Release|x64.ActiveCfg = Release|x64
		{1D85449B-231F-13F6-5D84-6A0F02AAB4E1}.Release|x64.Build.0 = Release|x64
		{1D85449B-231F-13F6-5D84-6A0F02AAB4E1}.Debug|Win32.ActiveCfg = Debug|Win32
		{1D85449B-231F-13F6-5D84-6A0F02AAB4E1}.Debug|Win32.Build.0 = Debug|Win32
		{1D85449B-231F-13F6-5D84-6A0F02AAB4E1}.Debug|x64.ActiveCfg = Debug|x64
		{1D85449B-231F-13F6-5D84-6A0F02AAB4E1}.Debug|x64.Build.0 = Debug|x64
		{1D85449B-231F-13F6-5D84-6A0F02AAB4E1}.Release|Win32.ActiveCfg = Release|Win32
		{1D85449B-231F-13F6-5D84-6A0F02AAB4E1}.Release|Win32.Build.0 = Release|Win32
		{1DDDEFE0-7436-E305-6B45-11F73132E5E5}.Release|x64.ActiveCfg = Release|x64
		{1DDDEFE0-7436-E305-6B45-11F73132E5E5}.Release|x64.Build.0 = Release|x64
		{1DDDEFE0-7436-E305-6B45-11F73132E5E5}.Debug|Win32.ActiveCfg = Debug|Win32
		{1DDDEFE0-7436-E305-6B45-11F73132E5E5}.Debug|Win32.Build.0 = Debug|Win32
		{1DDDEFE0-7436-E305-6B45-11F73132E5E5}.Debug|x64.ActiveCfg = Debug|x64
		{1DDDEFE0-7436-E305-6B45-11F73132E5E5}.Debug|x64.Build.0 = Debug|x64
		{1DDDEFE0-7436-E305-6B45-11F73132E5E5}.Release|Win32.ActiveCfg = Release|Win32
		{1DDDEFE0-7436-E305-6B45-11F73132E5E5}.Release|Win32.Build.0 = Release|Win32
		{442DE29E-C8EE-3658-1F1A-C70AD8F380C5}.Release|x64.ActiveCfg = Release|x64
		{442DE29E-C8EE-3658-1F1A-C70AD8F380C5}.Release|x64.Build.0 = Release|x64
		{442DE29E-C8EE-3658-1F1A-C70AD8F380C5}.Debug|Win32.ActiveCfg = Debug|Win32
		{442DE29E-C8EE-3658-1F1A-C70AD8F380C5}.Debug|Win32.Build.0 = Debug|Win32
		{442DE29E-C8EE-3658-1F1A-C70AD8F380C5}.Debug|x64.ActiveCfg = Debug|x64
		{442DE29E-C8EE-3658-1F1A-C70AD8F380C5}.Debug|x64.Build.0 = Debug|x64
		{442DE29E-C8EE-3658-1F1A-C70AD8F380C5}.Release|Win32.ActiveCfg = Release|Win32
		{442DE29E-C8EE-3658-1F1A-C70AD8F380C5}.Release|Win32.Build.0 = Release|Win32
		{4F31B154-F497-7675-6850-86F10FD42576}.Release|x64.ActiveCfg = Release|x64
		{4F31B154-F497-7675-6850-86F10FD42576}.Release|x64.Build.0 = Release|x64
		{4F31B154-F497-7675-6850-86F10FD42576}.Debug|Win32.ActiveCfg = Debug|Win32
		{4F31B154-F497-7675-6850-86F10FD42576}.Debug|Win32.Build.0 = Debug|Win32
		{4F31B154-F497-7675-6850-86F10FD42576}.Debug|x64.ActiveCfg = Debug|x64
		{4F31B154-F497-7675-6850-86F10FD42576}.Debug|x64.Build.0 = Debug|x64
		{4F31B154-F497-7675-6850-86F10FD42576}.Release|Win32.ActiveCfg = Release|Win32
		{4F31B154-F497-7675-6850-86F10FD42576}.Release|Win32.Build.0 = Release|Win32
		{51ACD89B-7CAF-252F-4AF5-521323B1D6B1}.Release|x64.ActiveCfg = Release|x64
		{51ACD89B-7CAF-252F-4AF5-521323B1D6B1}.Release|x64.Build.0 = Release|x64
		{51ACD89B-7CAF-252F-4AF5-521323B1D6B1}.Debug|Win32.ActiveCfg = Debug|Win32
		{51ACD89B-7CAF-252F-4AF5-521323B1D6B1}.Debug|Win32.Build.0 = Debug|Win32
		{51ACD89B-7CAF-252F-4AF5-521323B1D6B1}.Debug|x64.ActiveCfg = Debug|x64
		{51ACD89B-7CAF-252F-4AF5-521323B1D6B1}.Debug|x64.Build.0 = Debug|x64
		{51ACD89B-7CAF-252F-4AF5-521323B1D6B1}.Release|Win32.ActiveCfg = Release|Win32
		{51ACD89B-7CAF-252F-4AF5-521323B1D6B1}.Release|Win32.Build.0 = Release|Win32
		{5AE42583-0C83-0D80-C5D0-10CCB623A466}.Release|x64.ActiveCfg = Release|x64
		{5AE42583-0C83-0D80-C5D0-10CCB623A466}.Release|x64.Build.0 = Release|x64
		{5AE42583-0C83-0D80-C5D0-10CCB623A466}.Debug|Win32.ActiveCfg = Debug|Win32
		{5AE42583-0C83-0D80-C5D0-10CCB623A466}.Debug|Win32.Build.0 = Debug|Win32
		{5AE42583-0C83-0D80-C5D0-10CCB623A466}.Debug|x64.ActiveCfg = Debug|x64
		{5AE42583-0C83-0D80-C5D0-10CCB623A466}.Debug|x64.Build.0 = Debug|x64
		{5AE42583-0C83-0D80-C5D0-10CCB623A466}.Release|Win32.ActiveCfg = Release|Win32
		{5AE42583-0C83-0D80-C5D0-10CCB623A466}.Release|Win32.Build.0 = Release|Win32
		{60CC28BF-D0BC-3468-9D02-3AF1D15F1CA2}.Release|x64.ActiveCfg = Release|x64
		{60CC28BF-D0BC-3468-9D02-3AF1D15F1CA2}.Release|x64.Build.0 = Release|x64
		{60CC28BF-D0BC-3468-9D02-3AF1D15F1CA2}.Debug|Win32.ActiveCfg = Debug|Win32
		{60CC28BF-D0BC-3468-9D02-3AF1D15F1CA2}.Debug|Win32.Build.0 = Debug|Win32
		{60CC28BF-D0BC-3468-9D02-3AF1D15F1CA2}.Debug|x64.ActiveCfg = Debug|x64
		{60CC28BF-D0BC-3468-9D02-3AF1D15F1CA2}.Debug|x64.Build.0 = Debug|x64
		{60CC28BF-D0BC-3468-9D02-3AF1D15F1CA2}.Release|Win32.ActiveCfg = Release|Win32
		{60CC28BF-D0BC-3468-9D02-3AF1D15F1CA2}.Release|Win32.Build.0 = Release|Win32
		{6DF197C9-D783-42ED-E872-6618EF9F46AE}.Release|x64.ActiveCfg = Release|x64
		{6DF197C9-D783-42ED-E872-6618EF9F46AE}.Release|x64.Build.0 = Release|x64
		{6DF197C9-D783-42ED-E872-6618EF9F46AE}.Debug|Win32.ActiveCfg = Debug|Win32
		{6DF197C9-D783-42ED-E872-6618EF9F46AE}.Debug|Win32.Build.0 = Debug|Win32
		{6DF197C9-D783-42ED-E872-6618EF9F46AE}.Debug|x64.ActiveCfg = Debug|x64
		{6DF197C9-D783-42ED-E872-6618EF9F46AE}.Debug|x64.Build.0 = Debug|x64
		{6DF197C9-D783-42ED-E872-6618EF9F46AE}.Release|Win32.ActiveCfg = Release|Win32
		{6DF197C9-D783-42ED-E872-6618EF9F46AE}.Release|Win32.Build.0 = Release|Win32
		{773C1870-7481-DCF6-0372-30037D82E6DA}.Release|x64.ActiveCfg = Release|x64
		{773C1870-7481-DCF6-0372-30037D82E6DA}.Release|x64.Build.0 = Release|x64
		{773C1870-7481-DCF6-0372-30037D82E6DA}.Debug|Win32.ActiveCfg = Debug|Win32
		{773C1870-7481-DCF6-0372-30037D82E6DA}.Debug|Win32.Build.0 = Debug|Win32
		{773C1870-7481-DCF6-0372-30037D82E6DA}.Debug|x64.ActiveCfg = Debug|x64
		{773C1870-7481-DCF6-0372-30037D82E6DA}.Debug|x64.Build.0 = Debug|x64
		{773C1870-7481-DCF6-0372-30037D82E6DA}.Release|Win32.ActiveCfg = Release|Win32
		{773C1870-7481-DCF6-0372-30037D82E6DA}.Release|Win32.Build.0 = Release|Win32
		{78CEF408-5CDC-6A4A-9744-550C99E03B5C}.Release|x64.ActiveCfg = Release|x64
		{78CEF408-5CDC-6A4A-9744-550C99E03B5C}.Release|x64.Build.0 = Release|x64
		{78CEF408-5CDC-6A4A-9744-550C99E03B5C}.Debug|Win32.ActiveCfg = Debug|Win32
		{78CEF408-5CDC-6A4A-9744-550C99E03B5C}.Debug|Win32.Build.0 = Debug|Win32
		{78CEF408-5CDC-6A4A-9744-550C99E03B5C}.Debug|x64.ActiveCfg = Debug|x64
		{78CEF408-5CDC-6A4A-9744-550C99E03B5C}.Debug|x64.Build.0 = Debug|x64
		{78CEF408-5CDC-6A4A-9744-550C99E03B5C}.Release|Win32.ActiveCfg = Release|Win32
		{78CEF408-5CDC-6A4A-9744-550C99E03B5C}.Release|Win32.Build.0 = Release|Win32
		{7F4C2508-793C-AB90-0D98-070E7E2EC135}.Release|x64.ActiveCfg = Release|x64
		{7F4C2508-793C-AB90-0D98-070E7E2EC135}.Release|x64.Build.0 = Release|x64
		{7F4C2508-793C-AB90-0D98-070E7E2EC135}.Debug|Win32.ActiveCfg = Debug|Win32
		{7F4C2508-793C-AB90-0D98-070E7E2EC135}.Debug|Win32.Build.0 = Debug|Win32
		{7F4C2508-793C-AB90-0D98-070E7E2EC135}.Debug|x64.ActiveCfg = Debug|x64
		{7F4C2508-793C-AB90-0D98-070E7E2EC135}.Debug|x64.Build.0 = Debug|x64
		{7F4C2508-793C-AB90-0D98-070E7E2EC135}.Release|Win32.ActiveCfg = Release|Win32
		{7F4C2508-793C-AB90-0D98-070E7E2EC135}.Release|Win32.Build.0 = Release|Win32
		{947B77AC-C4CA-1C38-05CD-64E9A045FAFD}.Release|x64.ActiveCfg = Release|x64
		{947B77AC-C4CA-1C38-05CD-64E9A045FAFD}.Release|x64.Build.0 = Release|x64
		{947B77AC-C4CA-1C38-05CD-64E9A045FAFD}.Debug|Win32.ActiveCfg = Debug|Win32
		{947B77AC-C4CA-1C38-05CD-64E9A045FAFD}.Debug|Win32.Build.0 = Debug|Win32
		{947B77AC-C4CA-1C38-05CD-64E9A045FAFD}.Debug|x64.ActiveCfg = Debug|x64
		{947B77AC-C4CA-1C38-05CD-64E9A045FAFD}.Debug|x64.Build.0 = Debug|x64
		{947B77AC-C4CA-1C38-05CD-64E9A045FAFD}.Release|Win32.ActiveCfg = Release|Win32
		{947B77AC-C4CA-1C38-05CD-64E9A045FAFD}.Release|Win32.Build.0 = Release|Win32
		{D1198552-7315-DABF-1A12-C93DF1DC6034}.Release|x64.ActiveCfg = Release|x64
		{D1198552-7315-DABF-1A12-C93DF1DC6034}.Release|x64.Build.0 = Release|x64
		{D1198552-7315-DABF-1A12-C93DF1DC6034}.Debug|Win32.ActiveCfg = Debug|Win32
		{D1198552-7315-DABF-1A12-C93DF1DC6034}.Debug|Win32.Build.0 = Debug|Win32
		{D1198552-7315-DABF-1A12-C93DF1DC6034}.Debug|x64.ActiveCfg = Debug|x64
		{D1198552-7315-DABF-1A12-C93DF1DC6034}.Debug|x64.Build.0 = Debug|x64
		{D1198552-7315-DABF-1A12-C93DF1DC6034}.Release|Win32.ActiveCfg = Release|Win32
		{D1198552-7315-DABF-1A12-C93DF1DC6034}.Release|Win32.Build.0 = Release|Win32
		{D9EBDA44-6298-3F6F-924B-FA512F507DC2}.Release|x64.ActiveCfg = Release|x64
		{D9EBDA44-6298-3F6F-924B-FA512F507DC2}.Release|x64.Build.0 = Release|x64
		{D9EBDA44-6298-3F6F-924B-FA512F507DC2}.Debug|Win32.ActiveCfg = Debug|Win32
		{D9EBDA44-6298-3F6F-924B-FA512F507DC2}.Debug|Win32.Build.0 = Debug|Win32
		{D9EBDA44-6298-3F6F-924B-FA512F507DC2}.Debug|x64.ActiveCfg = Debug|x64
		{D9EBDA44-6298-3F6F-924B-FA512F507DC2}.Debug|x64.Build.0 = Debug|x64
		{D9EBDA44-6298-3F6F-924B-FA512F507DC2}.Release|Win32.ActiveCfg = Release|Win32
		{D9EBDA44-6298-3F6F-924B-FA512F507DC2}.Release|Win32.Build.0 = Release|Win32
		{E2F5B63A-1E61-3D6B-0108-5808AA2C11D3}.Release|x64.ActiveCfg = Release|x64
		{E2F5B63A-1E61-3D6B-0108-5808AA2C11D3}.Release|x64.Build.0 = Release|x64
		{E2F5B63A-1E61-3D6B-0108-5808AA2C11D3}.Debug|Win32.ActiveCfg = Debug|Win32
		{E2F5B63A-1E61-3D6B-0108-5808AA2C11D3}.Debug|Win32.Build.0 = Debug|Win32
		{E2F5B63A-1E61-3D6B-0108-5808AA2C11D3}.Debug|x64.ActiveCfg = Debug|x64
		{E2F5B63A-1E61-3D6B-0108-5808AA2C11D3}.Debug|x64.Build.0 = Debug|x64
		{E2F5B63A-1E61-3D6B-0108-5808AA2C11D3}.Release|Win32.ActiveCfg = Release|Win32
		{E2F5B63A-1E61-3D6B-0108-5808AA2C11D3}.Release|Win32.Build.0 = Release|Win32
		{EB2E5F0F-7595-CCD0-3E46-B09895781934}.Release|x64.ActiveCfg = Release|x64
		{EB2E5F0F-7595-CCD0-3E46-B09895781934}.Release|x64.Build.0 = Release|x64
		{EB2E5F0F-7595-CCD0-3E46-B09895781934}.Debug|Win32.ActiveCfg = Debug|Win32
		{EB2E5F0F-7595-CCD0-3E46-B09895781934}.Debug|Win32.Build.0 = Debug|Win32
		{EB2E5F0F-7595-CCD0-3E46-B09895781934}.Debug|x64.ActiveCfg = Debug|x64
		{EB2E5F0F-7595-CCD0-3E46-B09895781934}.Debug|x64.Build.0 = Debug|x64
		{EB2E5F0F-7595-CCD0-3E46-B09895781934}.Release|Win32.ActiveCfg = Release|Win32
		{EB2E5F0F-7595-CCD0-3E46-B09895781934}.Release|Win32.Build.0 = Release|Win32
	EndGlobalSection
	GlobalSection(SolutionProperties) = preSolution
		HideSolutionNode = FALSE
	EndGlobalSection
	GlobalSection(NestedProjects) = preSolution
		{6DF197C9-D783-42ED-E872-6618EF9F46AE} = {6478B9F3-4858-63F4-35F4-98A303E305F3}
		{6478B9F3-4858-63F4-35F4-98A303E305F3} = {9785FB75-982A-5DE3-252D-3F288B9FEF5B}
		{3E7FA5AF-27B3-2DE0-883C-12F98E7F4E81} = {9785FB75-982A-5DE3-252D-3F288B9FEF5B}
		{7F4C2508-793C-AB90-0D98-070E7E2EC135} = {9785FB75-982A-5DE3-252D-3F288B9FEF5B}
		{78CEF408-5CDC-6A4A-9744-550C99E03B5C} = {9785FB75-982A-5DE3-252D-3F288B9FEF5B}
		{5AE42583-0C83-0D80-C5D0-10CCB623A466} = {9785FB75-982A-5DE3-252D-3F288B9FEF5B}
		{0E6C1B26-4EBA-C09F-BE40-1571603942AE} = {9785FB75-982A-5DE3-252D-3F288B9FEF5B}
		{15074A53-2744-FD18-8FD6-D4C198240AA3} = {9785FB75-982A-5DE3-252D-3F288B9FEF5B}
		{11DBE2B0-4A02-3A06-6E27-046948C17E6E} = {459D39DC-9C17-0151-9D7D-65080CF806CC}
		{1D85449B-231F-13F6-5D84-6A0F02AAB4E1} = {459D39DC-9C17-0151-9D7D-65080CF806CC}
		{011B29C5-F56F-40E2-D846-FC20A8ED9FBD} = {459D39DC-9C17-0151-9D7D-65080CF806CC}
		{947B77AC-C4CA-1C38-05CD-64E9A045FAFD} = {459D39DC-9C17-0151-9D7D-65080CF806CC}
		{1DDDEFE0-7436-E305-6B45-11F73132E5E5} = {2DE59335-96CE-10CA-CDE5-FEC35E3549BB}
		{442DE29E-C8EE-3658-1F1A-C70AD8F380C5} = {2DE59335-96CE-10CA-CDE5-FEC35E3549BB}
		{D9EBDA44-6298-3F6F-924B-FA512F507DC2} = {2DE59335-96CE-10CA-CDE5-FEC35E3549BB}
		{EB2E5F0F-7595-CCD0-3E46-B09895781934} = {EAC80D00-01D2-3F49-A377-20B7154947F3}
		{D1198552-7315-DABF-1A12-C93DF1DC6034} = {EAC80D00-01D2-3F49-A377-20B7154947F3}
		{60CC28BF-D0BC-3468-9D02-3AF1D15F1CA2} = {EAC80D00-01D2-3F49-A377-20B7154947F3}
		{4F31B154-F497-7675-6850-86F10FD42576} = {3E7FA5AF-27B3-2DE0-883C-12F98E7F4E81}
		{2DE59335-96CE-10CA-CDE5-FEC35E3549BB} = {89C816A7-DD31-D54C-C69C-5A80E0C49B77}
		{51ACD89B-7CAF-252F-4AF5-521323B1D6B1} = {89C816A7-DD31-D54C-C69C-5A80E0C49B77}
		{773C1870-7481-DCF6-0372-30037D82E6DA} = {89C816A7-DD31-D54C-C69C-5A80E0C49B77}
		{E2F5B63A-1E61-3D6B-0108-5808AA2C11D3} = {89C816A7-DD31-D54C-C69C-5A80E0C49B77}
		{459D39DC-9C17-0151-9D7D-65080CF806CC} = {0078455D-77D3-142E-F1F4-B78FB0A8B454}
	EndGlobalSection
EndGlobal
