Microsoft Visual Studio Solution File, Format Version 11.00
# Visual Studio 2010
Project("{2150E333-8FDC-42A3-9474-1A3956D46DE8}") = "(allocator)", "..\..\..\base\allocator", "{6478B9F3-4858-63F4-35F4-98A303E305F3}"
EndProject
Project("{2150E333-8FDC-42A3-9474-1A3956D46DE8}") = "(base)", "..\..\..\base", "{9785FB75-982A-5DE3-252D-3F288B9FEF5B}"
EndProject
Project("{2150E333-8FDC-42A3-9474-1A3956D46DE8}") = "(imagediff)", "..\..\..\tools\imagediff", "{A4D6F625-CAD8-0938-A0C8-F431260A1AF3}"
EndProject
Project("{2150E333-8FDC-42A3-9474-1A3956D46DE8}") = "(testing)", "..\..\..\testing", "{EAC80D00-01D2-3F49-A377-20B7154947F3}"
EndProject
Project("{2150E333-8FDC-42A3-9474-1A3956D46DE8}") = "(third_party)", "..\..\..\base\third_party", "{3E7FA5AF-27B3-2DE0-883C-12F98E7F4E81}"
EndProject
Project("{2150E333-8FDC-42A3-9474-1A3956D46DE8}") = "(third_party)", "..\..\..\third_party", "{89C816A7-DD31-D54C-C69C-5A80E0C49B77}"
EndProject
Project("{2150E333-8FDC-42A3-9474-1A3956D46DE8}") = "(tools)", "..\..\..\tools", "{0078455D-77D3-142E-F1F4-B78FB0A8B454}"
EndProject
Project("{8BC9CEB8-8B4A-11D0-8D11-00A0C91BC942}") = "allocator_extension_thunks", "..\..\base\allocator\allocator_extension_thunks.vcxproj", "{6DF197C9-D783-42ED-E872-6618EF9F46AE}"
EndProject
Project("{8BC9CEB8-8B4A-11D0-8D11-00A0C91BC942}") = "base", "..\..\base\base.vcxproj", "{7F4C2508-793C-AB90-0D98-070E7E2EC135}"
	ProjectSection(ProjectDependencies) = postProject
		{60CC28BF-D0BC-3468-9D02-3AF1D15F1CA2} = {60CC28BF-D0BC-3468-9D02-3AF1D15F1CA2}
	EndProjectSection
EndProject
Project("{8BC9CEB8-8B4A-11D0-8D11-00A0C91BC942}") = "base_static", "..\..\base\base_static.vcxproj", "{5AE42583-0C83-0D80-C5D0-10CCB623A466}"
EndProject
Project("{8BC9CEB8-8B4A-11D0-8D11-00A0C91BC942}") = "dynamic_annotations", "..\..\base\third_party\dynamic_annotations\dynamic_annotations.vcxproj", "{4F31B154-F497-7675-6850-86F10FD42576}"
EndProject
Project("{8BC9CEB8-8B4A-11D0-8D11-00A0C91BC942}") = "gtest_prod", "..\..\testing\gtest_prod.vcxproj", "{60CC28BF-D0BC-3468-9D02-3AF1D15F1CA2}"
EndProject
Project("{8BC9CEB8-8B4A-11D0-8D11-00A0C91BC942}") = "image_diff", "image_diff.vcxproj", "{A880A5E0-B21E-F635-454B-230D5C17F2F0}"
	ProjectSection(ProjectDependencies) = postProject
		{7F4C2508-793C-AB90-0D98-070E7E2EC135} = {7F4C2508-793C-AB90-0D98-070E7E2EC135}
		{8451C0A0-B2C0-BB15-D7AF-1ECC6392D5DD} = {8451C0A0-B2C0-BB15-D7AF-1ECC6392D5DD}
		{E2F5B63A-1E61-3D6B-0108-5808AA2C11D3} = {E2F5B63A-1E61-3D6B-0108-5808AA2C11D3}
		{5AE42583-0C83-0D80-C5D0-10CCB623A466} = {5AE42583-0C83-0D80-C5D0-10CCB623A466}
		{6DF197C9-D783-42ED-E872-6618EF9F46AE} = {6DF197C9-D783-42ED-E872-6618EF9F46AE}
		{60CC28BF-D0BC-3468-9D02-3AF1D15F1CA2} = {60CC28BF-D0BC-3468-9D02-3AF1D15F1CA2}
		{773C1870-7481-DCF6-0372-30037D82E6DA} = {773C1870-7481-DCF6-0372-30037D82E6DA}
		{4F31B154-F497-7675-6850-86F10FD42576} = {4F31B154-F497-7675-6850-86F10FD42576}
	EndProjectSection
EndProject
Project("{8BC9CEB8-8B4A-11D0-8D11-00A0C91BC942}") = "libpng", "..\..\third_party\libpng\libpng.vcxproj", "{8451C0A0-B2C0-BB15-D7AF-1ECC6392D5DD}"
EndProject
Project("{8BC9CEB8-8B4A-11D0-8D11-00A0C91BC942}") = "modp_b64", "..\..\third_party\modp_b64\modp_b64.vcxproj", "{773C1870-7481-DCF6-0372-30037D82E6DA}"
EndProject
Project("{8BC9CEB8-8B4A-11D0-8D11-00A0C91BC942}") = "zlib", "..\..\third_party\zlib\zlib.vcxproj", "{E2F5B63A-1E61-3D6B-0108-5808AA2C11D3}"
EndProject
Global
	GlobalSection(SolutionConfigurationPlatforms) = preSolution
		Release|x64 = Release|x64
		Debug|Win32 = Debug|Win32
		Debug|x64 = Debug|x64
		Release|Win32 = Release|Win32
	EndGlobalSection
	GlobalSection(ProjectConfigurationPlatforms) = postSolution
		{4F31B154-F497-7675-6850-86F10FD42576}.Release|x64.ActiveCfg = Release|x64
		{4F31B154-F497-7675-6850-86F10FD42576}.Release|x64.Build.0 = Release|x64
		{4F31B154-F497-7675-6850-86F10FD42576}.Debug|Win32.ActiveCfg = Debug|Win32
		{4F31B154-F497-7675-6850-86F10FD42576}.Debug|Win32.Build.0 = Debug|Win32
		{4F31B154-F497-7675-6850-86F10FD42576}.Debug|x64.ActiveCfg = Debug|x64
		{4F31B154-F497-7675-6850-86F10FD42576}.Debug|x64.Build.0 = Debug|x64
		{4F31B154-F497-7675-6850-86F10FD42576}.Release|Win32.ActiveCfg = Release|Win32
		{4F31B154-F497-7675-6850-86F10FD42576}.Release|Win32.Build.0 = Release|Win32
		{5AE42583-0C83-0D80-C5D0-10CCB623A466}.Release|x64.ActiveCfg = Release|x64
		{5AE42583-0C83-0D80-C5D0-10CCB623A466}.Release|x64.Build.0 = Release|x64
		{5AE42583-0C83-0D80-C5D0-10CCB623A466}.Debug|Win32.ActiveCfg = Debug|Win32
		{5AE42583-0C83-0D80-C5D0-10CCB623A466}.Debug|Win32.Build.0 = Debug|Win32
		{5AE42583-0C83-0D80-C5D0-10CCB623A466}.Debug|x64.ActiveCfg = Debug|x64
		{5AE42583-0C83-0D80-C5D0-10CCB623A466}.Debug|x64.Build.0 = Debug|x64
		{5AE42583-0C83-0D80-C5D0-10CCB623A466}.Release|Win32.ActiveCfg = Release|Win32
		{5AE42583-0C83-0D80-C5D0-10CCB623A466}.Release|Win32.Build.0 = Release|Win32
		{60CC28BF-D0BC-3468-9D02-3AF1D15F1CA2}.Release|x64.ActiveCfg = Release|x64
		{60CC28BF-D0BC-3468-9D02-3AF1D15F1CA2}.Release|x64.Build.0 = Release|x64
		{60CC28BF-D0BC-3468-9D02-3AF1D15F1CA2}.Debug|Win32.ActiveCfg = Debug|Win32
		{60CC28BF-D0BC-3468-9D02-3AF1D15F1CA2}.Debug|Win32.Build.0 = Debug|Win32
		{60CC28BF-D0BC-3468-9D02-3AF1D15F1CA2}.Debug|x64.ActiveCfg = Debug|x64
		{60CC28BF-D0BC-3468-9D02-3AF1D15F1CA2}.Debug|x64.Build.0 = Debug|x64
		{60CC28BF-D0BC-3468-9D02-3AF1D15F1CA2}.Release|Win32.ActiveCfg = Release|Win32
		{60CC28BF-D0BC-3468-9D02-3AF1D15F1CA2}.Release|Win32.Build.0 = Release|Win32
		{6DF197C9-D783-42ED-E872-6618EF9F46AE}.Release|x64.ActiveCfg = Release|x64
		{6DF197C9-D783-42ED-E872-6618EF9F46AE}.Release|x64.Build.0 = Release|x64
		{6DF197C9-D783-42ED-E872-6618EF9F46AE}.Debug|Win32.ActiveCfg = Debug|Win32
		{6DF197C9-D783-42ED-E872-6618EF9F46AE}.Debug|Win32.Build.0 = Debug|Win32
		{6DF197C9-D783-42ED-E872-6618EF9F46AE}.Debug|x64.ActiveCfg = Debug|x64
		{6DF197C9-D783-42ED-E872-6618EF9F46AE}.Debug|x64.Build.0 = Debug|x64
		{6DF197C9-D783-42ED-E872-6618EF9F46AE}.Release|Win32.ActiveCfg = Release|Win32
		{6DF197C9-D783-42ED-E872-6618EF9F46AE}.Release|Win32.Build.0 = Release|Win32
		{773C1870-7481-DCF6-0372-30037D82E6DA}.Release|x64.ActiveCfg = Release|x64
		{773C1870-7481-DCF6-0372-30037D82E6DA}.Release|x64.Build.0 = Release|x64
		{773C1870-7481-DCF6-0372-30037D82E6DA}.Debug|Win32.ActiveCfg = Debug|Win32
		{773C1870-7481-DCF6-0372-30037D82E6DA}.Debug|Win32.Build.0 = Debug|Win32
		{773C1870-7481-DCF6-0372-30037D82E6DA}.Debug|x64.ActiveCfg = Debug|x64
		{773C1870-7481-DCF6-0372-30037D82E6DA}.Debug|x64.Build.0 = Debug|x64
		{773C1870-7481-DCF6-0372-30037D82E6DA}.Release|Win32.ActiveCfg = Release|Win32
		{773C1870-7481-DCF6-0372-30037D82E6DA}.Release|Win32.Build.0 = Release|Win32
		{7F4C2508-793C-AB90-0D98-070E7E2EC135}.Release|x64.ActiveCfg = Release|x64
		{7F4C2508-793C-AB90-0D98-070E7E2EC135}.Release|x64.Build.0 = Release|x64
		{7F4C2508-793C-AB90-0D98-070E7E2EC135}.Debug|Win32.ActiveCfg = Debug|Win32
		{7F4C2508-793C-AB90-0D98-070E7E2EC135}.Debug|Win32.Build.0 = Debug|Win32
		{7F4C2508-793C-AB90-0D98-070E7E2EC135}.Debug|x64.ActiveCfg = Debug|x64
		{7F4C2508-793C-AB90-0D98-070E7E2EC135}.Debug|x64.Build.0 = Debug|x64
		{7F4C2508-793C-AB90-0D98-070E7E2EC135}.Release|Win32.ActiveCfg = Release|Win32
		{7F4C2508-793C-AB90-0D98-070E7E2EC135}.Release|Win32.Build.0 = Release|Win32
		{8451C0A0-B2C0-BB15-D7AF-1ECC6392D5DD}.Release|x64.ActiveCfg = Release|x64
		{8451C0A0-B2C0-BB15-D7AF-1ECC6392D5DD}.Release|x64.Build.0 = Release|x64
		{8451C0A0-B2C0-BB15-D7AF-1ECC6392D5DD}.Debug|Win32.ActiveCfg = Debug|Win32
		{8451C0A0-B2C0-BB15-D7AF-1ECC6392D5DD}.Debug|Win32.Build.0 = Debug|Win32
		{8451C0A0-B2C0-BB15-D7AF-1ECC6392D5DD}.Debug|x64.ActiveCfg = Debug|x64
		{8451C0A0-B2C0-BB15-D7AF-1ECC6392D5DD}.Debug|x64.Build.0 = Debug|x64
		{8451C0A0-B2C0-BB15-D7AF-1ECC6392D5DD}.Release|Win32.ActiveCfg = Release|Win32
		{8451C0A0-B2C0-BB15-D7AF-1ECC6392D5DD}.Release|Win32.Build.0 = Release|Win32
		{A880A5E0-B21E-F635-454B-230D5C17F2F0}.Release|x64.ActiveCfg = Release|x64
		{A880A5E0-B21E-F635-454B-230D5C17F2F0}.Release|x64.Build.0 = Release|x64
		{A880A5E0-B21E-F635-454B-230D5C17F2F0}.Debug|Win32.ActiveCfg = Debug|Win32
		{A880A5E0-B21E-F635-454B-230D5C17F2F0}.Debug|Win32.Build.0 = Debug|Win32
		{A880A5E0-B21E-F635-454B-230D5C17F2F0}.Debug|x64.ActiveCfg = Debug|x64
		{A880A5E0-B21E-F635-454B-230D5C17F2F0}.Debug|x64.Build.0 = Debug|x64
		{A880A5E0-B21E-F635-454B-230D5C17F2F0}.Release|Win32.ActiveCfg = Release|Win32
		{A880A5E0-B21E-F635-454B-230D5C17F2F0}.Release|Win32.Build.0 = Release|Win32
		{E2F5B63A-1E61-3D6B-0108-5808AA2C11D3}.Release|x64.ActiveCfg = Release|x64
		{E2F5B63A-1E61-3D6B-0108-5808AA2C11D3}.Release|x64.Build.0 = Release|x64
		{E2F5B63A-1E61-3D6B-0108-5808AA2C11D3}.Debug|Win32.ActiveCfg = Debug|Win32
		{E2F5B63A-1E61-3D6B-0108-5808AA2C11D3}.Debug|Win32.Build.0 = Debug|Win32
		{E2F5B63A-1E61-3D6B-0108-5808AA2C11D3}.Debug|x64.ActiveCfg = Debug|x64
		{E2F5B63A-1E61-3D6B-0108-5808AA2C11D3}.Debug|x64.Build.0 = Debug|x64
		{E2F5B63A-1E61-3D6B-0108-5808AA2C11D3}.Release|Win32.ActiveCfg = Release|Win32
		{E2F5B63A-1E61-3D6B-0108-5808AA2C11D3}.Release|Win32.Build.0 = Release|Win32
	EndGlobalSection
	GlobalSection(SolutionProperties) = preSolution
		HideSolutionNode = FALSE
	EndGlobalSection
	GlobalSection(NestedProjects) = preSolution
		{6DF197C9-D783-42ED-E872-6618EF9F46AE} = {6478B9F3-4858-63F4-35F4-98A303E305F3}
		{6478B9F3-4858-63F4-35F4-98A303E305F3} = {9785FB75-982A-5DE3-252D-3F288B9FEF5B}
		{3E7FA5AF-27B3-2DE0-883C-12F98E7F4E81} = {9785FB75-982A-5DE3-252D-3F288B9FEF5B}
		{7F4C2508-793C-AB90-0D98-070E7E2EC135} = {9785FB75-982A-5DE3-252D-3F288B9FEF5B}
		{5AE42583-0C83-0D80-C5D0-10CCB623A466} = {9785FB75-982A-5DE3-252D-3F288B9FEF5B}
		{A880A5E0-B21E-F635-454B-230D5C17F2F0} = {A4D6F625-CAD8-0938-A0C8-F431260A1AF3}
		{60CC28BF-D0BC-3468-9D02-3AF1D15F1CA2} = {EAC80D00-01D2-3F49-A377-20B7154947F3}
		{4F31B154-F497-7675-6850-86F10FD42576} = {3E7FA5AF-27B3-2DE0-883C-12F98E7F4E81}
		{8451C0A0-B2C0-BB15-D7AF-1ECC6392D5DD} = {89C816A7-DD31-D54C-C69C-5A80E0C49B77}
		{773C1870-7481-DCF6-0372-30037D82E6DA} = {89C816A7-DD31-D54C-C69C-5A80E0C49B77}
		{E2F5B63A-1E61-3D6B-0108-5808AA2C11D3} = {89C816A7-DD31-D54C-C69C-5A80E0C49B77}
		{A4D6F625-CAD8-0938-A0C8-F431260A1AF3} = {0078455D-77D3-142E-F1F4-B78FB0A8B454}
	EndGlobalSection
EndGlobal
